// !$*UTF8*$!
{
	archiveVersion = 1;
	classes = {
	};
	objectVersion = 54;
	objects = {

/* Begin PBXBuildFile section */
		F6AE1FCA2604B1B800A687AE /* fft.h in Headers */ = {isa = PBXBuildFile; fileRef = F6AE1F992604B1B800A687AE /* fft.h */; };
		F6AE1FCB2604B1B800A687AE /* vbap3d.h in Headers */ = {isa = PBXBuildFile; fileRef = F6AE1F9A2604B1B800A687AE /* vbap3d.h */; };
		F6AE1FCC2604B1B800A687AE /* async_file.h in Headers */ = {isa = PBXBuildFile; fileRef = F6AE1F9B2604B1B800A687AE /* async_file.h */; };
		F6AE1FCD2604B1B800A687AE /* defs.h in Headers */ = {isa = PBXBuildFile; fileRef = F6AE1F9C2604B1B800A687AE /* defs.h */; };
		F6AE1FCE2604B1B800A687AE /* sourcemod.h in Headers */ = {isa = PBXBuildFile; fileRef = F6AE1F9D2604B1B800A687AE /* sourcemod.h */; };
		F6AE1FCF2604B1B800A687AE /* gui_elements.h in Headers */ = {isa = PBXBuildFile; fileRef = F6AE1F9E2604B1B800A687AE /* gui_elements.h */; };
		F6AE1FD02604B1B800A687AE /* speakerarray.h in Headers */ = {isa = PBXBuildFile; fileRef = F6AE1F9F2604B1B800A687AE /* speakerarray.h */; };
		F6AE1FD12604B1B800A687AE /* licensehandler.h in Headers */ = {isa = PBXBuildFile; fileRef = F6AE1FA02604B1B800A687AE /* licensehandler.h */; };
		F6AE1FD22604B1B800A687AE /* audiochunks.h in Headers */ = {isa = PBXBuildFile; fileRef = F6AE1FA12604B1B800A687AE /* audiochunks.h */; };
		F6AE1FD32604B1B800A687AE /* tascar.h in Headers */ = {isa = PBXBuildFile; fileRef = F6AE1FA22604B1B800A687AE /* tascar.h */; };
		F6AE1FD42604B1B800A687AE /* levelmeter.h in Headers */ = {isa = PBXBuildFile; fileRef = F6AE1FA32604B1B800A687AE /* levelmeter.h */; };
		F6AE1FD52604B1B800A687AE /* filterclass.h in Headers */ = {isa = PBXBuildFile; fileRef = F6AE1FA42604B1B800A687AE /* filterclass.h */; };
		F6AE1FD62604B1B800A687AE /* jackrender.h in Headers */ = {isa = PBXBuildFile; fileRef = F6AE1FA52604B1B800A687AE /* jackrender.h */; };
		F6AE1FD72604B1B800A687AE /* audioplugin.h in Headers */ = {isa = PBXBuildFile; fileRef = F6AE1FA62604B1B800A687AE /* audioplugin.h */; };
		F6AE1FD82604B1B800A687AE /* hoa.h in Headers */ = {isa = PBXBuildFile; fileRef = F6AE1FA72604B1B800A687AE /* hoa.h */; };
		F6AE1FD92604B1B800A687AE /* sampler.h in Headers */ = {isa = PBXBuildFile; fileRef = F6AE1FA82604B1B800A687AE /* sampler.h */; };
		F6AE1FDA2604B1B800A687AE /* coordinates.h in Headers */ = {isa = PBXBuildFile; fileRef = F6AE1FA92604B1B800A687AE /* coordinates.h */; };
		F6AE1FDB2604B1B800A687AE /* pluginprocessor.h in Headers */ = {isa = PBXBuildFile; fileRef = F6AE1FAA2604B1B800A687AE /* pluginprocessor.h */; };
		F6AE1FDC2604B1B800A687AE /* viewport.h in Headers */ = {isa = PBXBuildFile; fileRef = F6AE1FAB2604B1B800A687AE /* viewport.h */; };
		F6AE1FDD2604B1B800A687AE /* osc_helper.h in Headers */ = {isa = PBXBuildFile; fileRef = F6AE1FAC2604B1B800A687AE /* osc_helper.h */; };
		F6AE1FDE2604B1B800A687AE /* pdfexport.h in Headers */ = {isa = PBXBuildFile; fileRef = F6AE1FAD2604B1B800A687AE /* pdfexport.h */; };
		F6AE1FDF2604B1B800A687AE /* jackiowav.h in Headers */ = {isa = PBXBuildFile; fileRef = F6AE1FAE2604B1B800A687AE /* jackiowav.h */; };
		F6AE1FE02604B1B800A687AE /* acousticmodel.h in Headers */ = {isa = PBXBuildFile; fileRef = F6AE1FAF2604B1B800A687AE /* acousticmodel.h */; };
		F6AE1FE12604B1B800A687AE /* amb33defs.h in Headers */ = {isa = PBXBuildFile; fileRef = F6AE1FB02604B1B800A687AE /* amb33defs.h */; };
		F6AE1FE22604B1B800A687AE /* serialport.h in Headers */ = {isa = PBXBuildFile; fileRef = F6AE1FB12604B1B800A687AE /* serialport.h */; };
		F6AE1FE32604B1B800A687AE /* osc_scene.h in Headers */ = {isa = PBXBuildFile; fileRef = F6AE1FB22604B1B800A687AE /* osc_scene.h */; };
		F6AE1FE42604B1B800A687AE /* alsamidicc.h in Headers */ = {isa = PBXBuildFile; fileRef = F6AE1FB32604B1B800A687AE /* alsamidicc.h */; };
		F6AE1FE52604B1B800A687AE /* tscconfig.h in Headers */ = {isa = PBXBuildFile; fileRef = F6AE1FB42604B1B800A687AE /* tscconfig.h */; };
		F6AE1FE62604B1B800A687AE /* termsetbaud.h in Headers */ = {isa = PBXBuildFile; fileRef = F6AE1FB52604B1B800A687AE /* termsetbaud.h */; };
		F6AE1FE72604B1B800A687AE /* cli.h in Headers */ = {isa = PBXBuildFile; fileRef = F6AE1FB62604B1B800A687AE /* cli.h */; };
		F6AE1FE82604B1B800A687AE /* delayline.h in Headers */ = {isa = PBXBuildFile; fileRef = F6AE1FB72604B1B800A687AE /* delayline.h */; };
		F6AE1FE92604B1B800A687AE /* dynamicobjects.h in Headers */ = {isa = PBXBuildFile; fileRef = F6AE1FB82604B1B800A687AE /* dynamicobjects.h */; };
		F6AE1FEA2604B1B800A687AE /* dmxdriver.h in Headers */ = {isa = PBXBuildFile; fileRef = F6AE1FB92604B1B800A687AE /* dmxdriver.h */; };
		F6AE1FEB2604B1B800A687AE /* session.h in Headers */ = {isa = PBXBuildFile; fileRef = F6AE1FBA2604B1B800A687AE /* session.h */; };
		F6AE1FEC2604B1B800A687AE /* tascarplugin.h in Headers */ = {isa = PBXBuildFile; fileRef = F6AE1FBB2604B1B800A687AE /* tascarplugin.h */; };
		F6AE1FED2604B1B800A687AE /* irrender.h in Headers */ = {isa = PBXBuildFile; fileRef = F6AE1FBC2604B1B800A687AE /* irrender.h */; };
		F6AE1FEE2604B1B800A687AE /* spectrum.h in Headers */ = {isa = PBXBuildFile; fileRef = F6AE1FBD2604B1B800A687AE /* spectrum.h */; };
		F6AE1FEF2604B1B800A687AE /* audiostates.h in Headers */ = {isa = PBXBuildFile; fileRef = F6AE1FBE2604B1B800A687AE /* audiostates.h */; };
		F6AE1FF02604B1B800A687AE /* stft.h in Headers */ = {isa = PBXBuildFile; fileRef = F6AE1FBF2604B1B800A687AE /* stft.h */; };
		F6AE1FF12604B1B800A687AE /* tascarver.h in Headers */ = {isa = PBXBuildFile; fileRef = F6AE1FC02604B1B800A687AE /* tascarver.h */; };
		F6AE1FF22604B1B800A687AE /* errorhandling.h in Headers */ = {isa = PBXBuildFile; fileRef = F6AE1FC12604B1B800A687AE /* errorhandling.h */; };
		F6AE1FF32604B1B800A687AE /* session_reader.h in Headers */ = {isa = PBXBuildFile; fileRef = F6AE1FC22604B1B800A687AE /* session_reader.h */; };
		F6AE1FF42604B1B800A687AE /* jackclient.h in Headers */ = {isa = PBXBuildFile; fileRef = F6AE1FC32604B1B800A687AE /* jackclient.h */; };
		F6AE1FF52604B1B800A687AE /* serviceclass.h in Headers */ = {isa = PBXBuildFile; fileRef = F6AE1FC42604B1B800A687AE /* serviceclass.h */; };
		F6AE1FF62604B1B800A687AE /* receivermod.h in Headers */ = {isa = PBXBuildFile; fileRef = F6AE1FC52604B1B800A687AE /* receivermod.h */; };
		F6AE1FF72604B1B800A687AE /* ringbuffer.h in Headers */ = {isa = PBXBuildFile; fileRef = F6AE1FC62604B1B800A687AE /* ringbuffer.h */; };
		F6AE1FF82604B1B800A687AE /* render.h in Headers */ = {isa = PBXBuildFile; fileRef = F6AE1FC72604B1B800A687AE /* render.h */; };
		F6AE1FF92604B1B800A687AE /* scene.h in Headers */ = {isa = PBXBuildFile; fileRef = F6AE1FC82604B1B800A687AE /* scene.h */; };
		F6AE1FFA2604B1B800A687AE /* ola.h in Headers */ = {isa = PBXBuildFile; fileRef = F6AE1FC92604B1B800A687AE /* ola.h */; };
		F6AE204E2604B1C300A687AE /* sampler.cc in Sources */ = {isa = PBXBuildFile; fileRef = F6AE1FFE2604B1C300A687AE /* sampler.cc */; };
		F6AE204F2604B1C300A687AE /* errorhandling.cc in Sources */ = {isa = PBXBuildFile; fileRef = F6AE1FFF2604B1C300A687AE /* errorhandling.cc */; };
		F6AE20502604B1C300A687AE /* fft.cc in Sources */ = {isa = PBXBuildFile; fileRef = F6AE20002604B1C300A687AE /* fft.cc */; };
		F6AE20512604B1C300A687AE /* audioplugin.cc in Sources */ = {isa = PBXBuildFile; fileRef = F6AE20012604B1C300A687AE /* audioplugin.cc */; };
		F6AE20532604B1C300A687AE /* async_file.cc in Sources */ = {isa = PBXBuildFile; fileRef = F6AE20032604B1C300A687AE /* async_file.cc */; };
		F6AE20552604B1C300A687AE /* irrender.cc in Sources */ = {isa = PBXBuildFile; fileRef = F6AE20052604B1C300A687AE /* irrender.cc */; };
		F6AE20562604B1C300A687AE /* speakerarray.cc in Sources */ = {isa = PBXBuildFile; fileRef = F6AE20062604B1C300A687AE /* speakerarray.cc */; };
		F6AE20572604B1C300A687AE /* coordinates.cc in Sources */ = {isa = PBXBuildFile; fileRef = F6AE20072604B1C300A687AE /* coordinates.cc */; };
		F6AE205B2604B1C300A687AE /* vbap3d.cc in Sources */ = {isa = PBXBuildFile; fileRef = F6AE200C2604B1C300A687AE /* vbap3d.cc */; };
		F6AE205D2604B1C300A687AE /* spectrum.cc in Sources */ = {isa = PBXBuildFile; fileRef = F6AE200E2604B1C300A687AE /* spectrum.cc */; };
		F6AE205E2604B1C300A687AE /* jackiowav.cc in Sources */ = {isa = PBXBuildFile; fileRef = F6AE200F2604B1C300A687AE /* jackiowav.cc */; };
		F6AE20602604B1C300A687AE /* receivermod.cc in Sources */ = {isa = PBXBuildFile; fileRef = F6AE20112604B1C300A687AE /* receivermod.cc */; };
		F6AE20622604B1C300A687AE /* sourcemod.cc in Sources */ = {isa = PBXBuildFile; fileRef = F6AE20132604B1C300A687AE /* sourcemod.cc */; };
		F6AE20632604B1C300A687AE /* delayline.cc in Sources */ = {isa = PBXBuildFile; fileRef = F6AE20142604B1C300A687AE /* delayline.cc */; };
		F6AE20642604B1C300A687AE /* licensehandler.cc in Sources */ = {isa = PBXBuildFile; fileRef = F6AE20152604B1C300A687AE /* licensehandler.cc */; };
		F6AE20652604B1C300A687AE /* viewport.cc in Sources */ = {isa = PBXBuildFile; fileRef = F6AE20162604B1C300A687AE /* viewport.cc */; };
		F6AE20662604B1C300A687AE /* stft.cc in Sources */ = {isa = PBXBuildFile; fileRef = F6AE20172604B1C300A687AE /* stft.cc */; };
		F6AE20672604B1C300A687AE /* audiochunks.cc in Sources */ = {isa = PBXBuildFile; fileRef = F6AE20182604B1C300A687AE /* audiochunks.cc */; };
		F6AE20682604B1C300A687AE /* session_reader.cc in Sources */ = {isa = PBXBuildFile; fileRef = F6AE20192604B1C300A687AE /* session_reader.cc */; };
		F6AE20692604B1C300A687AE /* dynamicobjects.cc in Sources */ = {isa = PBXBuildFile; fileRef = F6AE201A2604B1C300A687AE /* dynamicobjects.cc */; };
		F6AE206D2604B1C300A687AE /* audiostates.cc in Sources */ = {isa = PBXBuildFile; fileRef = F6AE201E2604B1C300A687AE /* audiostates.cc */; };
		F6AE206F2604B1C300A687AE /* osc_helper.cc in Sources */ = {isa = PBXBuildFile; fileRef = F6AE20202604B1C300A687AE /* osc_helper.cc */; };
		F6AE20702604B1C300A687AE /* jackclient.cc in Sources */ = {isa = PBXBuildFile; fileRef = F6AE20212604B1C300A687AE /* jackclient.cc */; };
		F6AE20812604B1C300A687AE /* serviceclass.cc in Sources */ = {isa = PBXBuildFile; fileRef = F6AE20382604B1C300A687AE /* serviceclass.cc */; };
		F6AE20832604B1C300A687AE /* session.cc in Sources */ = {isa = PBXBuildFile; fileRef = F6AE203A2604B1C300A687AE /* session.cc */; };
		F6AE20842604B1C300A687AE /* hoa.cc in Sources */ = {isa = PBXBuildFile; fileRef = F6AE203B2604B1C300A687AE /* hoa.cc */; };
		F6AE20852604B1C300A687AE /* scene.cc in Sources */ = {isa = PBXBuildFile; fileRef = F6AE203C2604B1C300A687AE /* scene.cc */; };
		F6AE20872604B1C300A687AE /* ola.cc in Sources */ = {isa = PBXBuildFile; fileRef = F6AE203E2604B1C300A687AE /* ola.cc */; };
		F6AE20882604B1C300A687AE /* ringbuffer.cc in Sources */ = {isa = PBXBuildFile; fileRef = F6AE203F2604B1C300A687AE /* ringbuffer.cc */; };
		F6AE20892604B1C300A687AE /* acousticmodel.cc in Sources */ = {isa = PBXBuildFile; fileRef = F6AE20402604B1C300A687AE /* acousticmodel.cc */; };
		F6AE208A2604B1C300A687AE /* levelmeter.cc in Sources */ = {isa = PBXBuildFile; fileRef = F6AE20412604B1C300A687AE /* levelmeter.cc */; };
		F6AE208B2604B1C300A687AE /* convhull_3d.h in Headers */ = {isa = PBXBuildFile; fileRef = F6AE20442604B1C300A687AE /* convhull_3d.h */; };
		F6AE208C2604B1C300A687AE /* osc_scene.cc in Sources */ = {isa = PBXBuildFile; fileRef = F6AE20462604B1C300A687AE /* osc_scene.cc */; };
		F6AE208D2604B1C300A687AE /* pluginprocessor.cc in Sources */ = {isa = PBXBuildFile; fileRef = F6AE20472604B1C300A687AE /* pluginprocessor.cc */; };
		F6AE208E2604B1C300A687AE /* render.cc in Sources */ = {isa = PBXBuildFile; fileRef = F6AE20482604B1C300A687AE /* render.cc */; };
		F6AE208F2604B1C300A687AE /* tscconfig.cc in Sources */ = {isa = PBXBuildFile; fileRef = F6AE20492604B1C300A687AE /* tscconfig.cc */; };
		F6AE20902604B1C300A687AE /* filterclass.cc in Sources */ = {isa = PBXBuildFile; fileRef = F6AE204A2604B1C300A687AE /* filterclass.cc */; };
		F6AE20922604B1C300A687AE /* jackrender.cc in Sources */ = {isa = PBXBuildFile; fileRef = F6AE204C2604B1C300A687AE /* jackrender.cc */; };
		F6AE209E2604B45500A687AE /* libsndfile.a in Frameworks */ = {isa = PBXBuildFile; fileRef = F6AE209C2604B40200A687AE /* libsndfile.a */; };
		F6AE20F72604F07300A687AE /* libjack.0.dylib in Frameworks */ = {isa = PBXBuildFile; fileRef = F6AE20F62604F07300A687AE /* libjack.0.dylib */; };
		F6AE20F82604F07300A687AE /* libjack.0.dylib in Embed Libraries */ = {isa = PBXBuildFile; fileRef = F6AE20F62604F07300A687AE /* libjack.0.dylib */; settings = {ATTRIBUTES = (CodeSignOnCopy, ); }; };
		F6AE20FB2604F0A600A687AE /* libsamplerate.a in Frameworks */ = {isa = PBXBuildFile; fileRef = F6AE20FA2604F08D00A687AE /* libsamplerate.a */; };
		F6AE20FD2604F0E500A687AE /* libxerces-c.a in Frameworks */ = {isa = PBXBuildFile; fileRef = F6AE20FC2604F0D600A687AE /* libxerces-c.a */; };
		F6AE21012604F14C00A687AE /* libgsl.a in Frameworks */ = {isa = PBXBuildFile; fileRef = F6AE21002604F13700A687AE /* libgsl.a */; };
		F6AE21032604F16E00A687AE /* liblo.7.dylib in Frameworks */ = {isa = PBXBuildFile; fileRef = F6AE21022604F16E00A687AE /* liblo.7.dylib */; };
		F6AE21042604F16E00A687AE /* liblo.7.dylib in Embed Libraries */ = {isa = PBXBuildFile; fileRef = F6AE21022604F16E00A687AE /* liblo.7.dylib */; settings = {ATTRIBUTES = (CodeSignOnCopy, ); }; };
		F6AE21062604F1A600A687AE /* libfftw3f.a in Frameworks */ = {isa = PBXBuildFile; fileRef = F6AE21052604F18F00A687AE /* libfftw3f.a */; };
/* End PBXBuildFile section */

/* Begin PBXCopyFilesBuildPhase section */
		F6AE20F92604F07300A687AE /* Embed Libraries */ = {
			isa = PBXCopyFilesBuildPhase;
			buildActionMask = 2147483647;
			dstPath = "";
			dstSubfolderSpec = 10;
			files = (
				F6AE21042604F16E00A687AE /* liblo.7.dylib in Embed Libraries */,
				F6AE20F82604F07300A687AE /* libjack.0.dylib in Embed Libraries */,
			);
			name = "Embed Libraries";
			runOnlyForDeploymentPostprocessing = 0;
		};
/* End PBXCopyFilesBuildPhase section */

/* Begin PBXFileReference section */
		F6AC32B52604AE9F00C56849 /* libtascar.dylib */ = {isa = PBXFileReference; explicitFileType = "compiled.mach-o.dylib"; includeInIndex = 0; path = libtascar.dylib; sourceTree = BUILT_PRODUCTS_DIR; };
		F6AE1F992604B1B800A687AE /* fft.h */ = {isa = PBXFileReference; fileEncoding = 4; lastKnownFileType = sourcecode.c.h; path = fft.h; sourceTree = "<group>"; };
		F6AE1F9A2604B1B800A687AE /* vbap3d.h */ = {isa = PBXFileReference; fileEncoding = 4; lastKnownFileType = sourcecode.c.h; path = vbap3d.h; sourceTree = "<group>"; };
		F6AE1F9B2604B1B800A687AE /* async_file.h */ = {isa = PBXFileReference; fileEncoding = 4; lastKnownFileType = sourcecode.c.h; path = async_file.h; sourceTree = "<group>"; };
		F6AE1F9C2604B1B800A687AE /* defs.h */ = {isa = PBXFileReference; fileEncoding = 4; lastKnownFileType = sourcecode.c.h; path = defs.h; sourceTree = "<group>"; };
		F6AE1F9D2604B1B800A687AE /* sourcemod.h */ = {isa = PBXFileReference; fileEncoding = 4; lastKnownFileType = sourcecode.c.h; path = sourcemod.h; sourceTree = "<group>"; };
		F6AE1F9E2604B1B800A687AE /* gui_elements.h */ = {isa = PBXFileReference; fileEncoding = 4; lastKnownFileType = sourcecode.c.h; path = gui_elements.h; sourceTree = "<group>"; };
		F6AE1F9F2604B1B800A687AE /* speakerarray.h */ = {isa = PBXFileReference; fileEncoding = 4; lastKnownFileType = sourcecode.c.h; path = speakerarray.h; sourceTree = "<group>"; };
		F6AE1FA02604B1B800A687AE /* licensehandler.h */ = {isa = PBXFileReference; fileEncoding = 4; lastKnownFileType = sourcecode.c.h; path = licensehandler.h; sourceTree = "<group>"; };
		F6AE1FA12604B1B800A687AE /* audiochunks.h */ = {isa = PBXFileReference; fileEncoding = 4; lastKnownFileType = sourcecode.c.h; path = audiochunks.h; sourceTree = "<group>"; };
		F6AE1FA22604B1B800A687AE /* tascar.h */ = {isa = PBXFileReference; fileEncoding = 4; lastKnownFileType = sourcecode.c.h; path = tascar.h; sourceTree = "<group>"; };
		F6AE1FA32604B1B800A687AE /* levelmeter.h */ = {isa = PBXFileReference; fileEncoding = 4; lastKnownFileType = sourcecode.c.h; path = levelmeter.h; sourceTree = "<group>"; };
		F6AE1FA42604B1B800A687AE /* filterclass.h */ = {isa = PBXFileReference; fileEncoding = 4; lastKnownFileType = sourcecode.c.h; path = filterclass.h; sourceTree = "<group>"; };
		F6AE1FA52604B1B800A687AE /* jackrender.h */ = {isa = PBXFileReference; fileEncoding = 4; lastKnownFileType = sourcecode.c.h; path = jackrender.h; sourceTree = "<group>"; };
		F6AE1FA62604B1B800A687AE /* audioplugin.h */ = {isa = PBXFileReference; fileEncoding = 4; lastKnownFileType = sourcecode.c.h; path = audioplugin.h; sourceTree = "<group>"; };
		F6AE1FA72604B1B800A687AE /* hoa.h */ = {isa = PBXFileReference; fileEncoding = 4; lastKnownFileType = sourcecode.c.h; path = hoa.h; sourceTree = "<group>"; };
		F6AE1FA82604B1B800A687AE /* sampler.h */ = {isa = PBXFileReference; fileEncoding = 4; lastKnownFileType = sourcecode.c.h; path = sampler.h; sourceTree = "<group>"; };
		F6AE1FA92604B1B800A687AE /* coordinates.h */ = {isa = PBXFileReference; fileEncoding = 4; lastKnownFileType = sourcecode.c.h; path = coordinates.h; sourceTree = "<group>"; };
		F6AE1FAA2604B1B800A687AE /* pluginprocessor.h */ = {isa = PBXFileReference; fileEncoding = 4; lastKnownFileType = sourcecode.c.h; path = pluginprocessor.h; sourceTree = "<group>"; };
		F6AE1FAB2604B1B800A687AE /* viewport.h */ = {isa = PBXFileReference; fileEncoding = 4; lastKnownFileType = sourcecode.c.h; path = viewport.h; sourceTree = "<group>"; };
		F6AE1FAC2604B1B800A687AE /* osc_helper.h */ = {isa = PBXFileReference; fileEncoding = 4; lastKnownFileType = sourcecode.c.h; path = osc_helper.h; sourceTree = "<group>"; };
		F6AE1FAD2604B1B800A687AE /* pdfexport.h */ = {isa = PBXFileReference; fileEncoding = 4; lastKnownFileType = sourcecode.c.h; path = pdfexport.h; sourceTree = "<group>"; };
		F6AE1FAE2604B1B800A687AE /* jackiowav.h */ = {isa = PBXFileReference; fileEncoding = 4; lastKnownFileType = sourcecode.c.h; path = jackiowav.h; sourceTree = "<group>"; };
		F6AE1FAF2604B1B800A687AE /* acousticmodel.h */ = {isa = PBXFileReference; fileEncoding = 4; lastKnownFileType = sourcecode.c.h; path = acousticmodel.h; sourceTree = "<group>"; };
		F6AE1FB02604B1B800A687AE /* amb33defs.h */ = {isa = PBXFileReference; fileEncoding = 4; lastKnownFileType = sourcecode.c.h; path = amb33defs.h; sourceTree = "<group>"; };
		F6AE1FB12604B1B800A687AE /* serialport.h */ = {isa = PBXFileReference; fileEncoding = 4; lastKnownFileType = sourcecode.c.h; path = serialport.h; sourceTree = "<group>"; };
		F6AE1FB22604B1B800A687AE /* osc_scene.h */ = {isa = PBXFileReference; fileEncoding = 4; lastKnownFileType = sourcecode.c.h; path = osc_scene.h; sourceTree = "<group>"; };
		F6AE1FB32604B1B800A687AE /* alsamidicc.h */ = {isa = PBXFileReference; fileEncoding = 4; lastKnownFileType = sourcecode.c.h; path = alsamidicc.h; sourceTree = "<group>"; };
		F6AE1FB42604B1B800A687AE /* tscconfig.h */ = {isa = PBXFileReference; fileEncoding = 4; lastKnownFileType = sourcecode.c.h; path = tscconfig.h; sourceTree = "<group>"; };
		F6AE1FB52604B1B800A687AE /* termsetbaud.h */ = {isa = PBXFileReference; fileEncoding = 4; lastKnownFileType = sourcecode.c.h; path = termsetbaud.h; sourceTree = "<group>"; };
		F6AE1FB62604B1B800A687AE /* cli.h */ = {isa = PBXFileReference; fileEncoding = 4; lastKnownFileType = sourcecode.c.h; path = cli.h; sourceTree = "<group>"; };
		F6AE1FB72604B1B800A687AE /* delayline.h */ = {isa = PBXFileReference; fileEncoding = 4; lastKnownFileType = sourcecode.c.h; path = delayline.h; sourceTree = "<group>"; };
		F6AE1FB82604B1B800A687AE /* dynamicobjects.h */ = {isa = PBXFileReference; fileEncoding = 4; lastKnownFileType = sourcecode.c.h; path = dynamicobjects.h; sourceTree = "<group>"; };
		F6AE1FB92604B1B800A687AE /* dmxdriver.h */ = {isa = PBXFileReference; fileEncoding = 4; lastKnownFileType = sourcecode.c.h; path = dmxdriver.h; sourceTree = "<group>"; };
		F6AE1FBA2604B1B800A687AE /* session.h */ = {isa = PBXFileReference; fileEncoding = 4; lastKnownFileType = sourcecode.c.h; path = session.h; sourceTree = "<group>"; };
		F6AE1FBB2604B1B800A687AE /* tascarplugin.h */ = {isa = PBXFileReference; fileEncoding = 4; lastKnownFileType = sourcecode.c.h; path = tascarplugin.h; sourceTree = "<group>"; };
		F6AE1FBC2604B1B800A687AE /* irrender.h */ = {isa = PBXFileReference; fileEncoding = 4; lastKnownFileType = sourcecode.c.h; path = irrender.h; sourceTree = "<group>"; };
		F6AE1FBD2604B1B800A687AE /* spectrum.h */ = {isa = PBXFileReference; fileEncoding = 4; lastKnownFileType = sourcecode.c.h; path = spectrum.h; sourceTree = "<group>"; };
		F6AE1FBE2604B1B800A687AE /* audiostates.h */ = {isa = PBXFileReference; fileEncoding = 4; lastKnownFileType = sourcecode.c.h; path = audiostates.h; sourceTree = "<group>"; };
		F6AE1FBF2604B1B800A687AE /* stft.h */ = {isa = PBXFileReference; fileEncoding = 4; lastKnownFileType = sourcecode.c.h; path = stft.h; sourceTree = "<group>"; };
		F6AE1FC02604B1B800A687AE /* tascarver.h */ = {isa = PBXFileReference; fileEncoding = 4; lastKnownFileType = sourcecode.c.h; path = tascarver.h; sourceTree = "<group>"; };
		F6AE1FC12604B1B800A687AE /* errorhandling.h */ = {isa = PBXFileReference; fileEncoding = 4; lastKnownFileType = sourcecode.c.h; path = errorhandling.h; sourceTree = "<group>"; };
		F6AE1FC22604B1B800A687AE /* session_reader.h */ = {isa = PBXFileReference; fileEncoding = 4; lastKnownFileType = sourcecode.c.h; path = session_reader.h; sourceTree = "<group>"; };
		F6AE1FC32604B1B800A687AE /* jackclient.h */ = {isa = PBXFileReference; fileEncoding = 4; lastKnownFileType = sourcecode.c.h; path = jackclient.h; sourceTree = "<group>"; };
		F6AE1FC42604B1B800A687AE /* serviceclass.h */ = {isa = PBXFileReference; fileEncoding = 4; lastKnownFileType = sourcecode.c.h; path = serviceclass.h; sourceTree = "<group>"; };
		F6AE1FC52604B1B800A687AE /* receivermod.h */ = {isa = PBXFileReference; fileEncoding = 4; lastKnownFileType = sourcecode.c.h; path = receivermod.h; sourceTree = "<group>"; };
		F6AE1FC62604B1B800A687AE /* ringbuffer.h */ = {isa = PBXFileReference; fileEncoding = 4; lastKnownFileType = sourcecode.c.h; path = ringbuffer.h; sourceTree = "<group>"; };
		F6AE1FC72604B1B800A687AE /* render.h */ = {isa = PBXFileReference; fileEncoding = 4; lastKnownFileType = sourcecode.c.h; path = render.h; sourceTree = "<group>"; };
		F6AE1FC82604B1B800A687AE /* scene.h */ = {isa = PBXFileReference; fileEncoding = 4; lastKnownFileType = sourcecode.c.h; path = scene.h; sourceTree = "<group>"; };
		F6AE1FC92604B1B800A687AE /* ola.h */ = {isa = PBXFileReference; fileEncoding = 4; lastKnownFileType = sourcecode.c.h; path = ola.h; sourceTree = "<group>"; };
		F6AE1FFE2604B1C300A687AE /* sampler.cc */ = {isa = PBXFileReference; fileEncoding = 4; lastKnownFileType = sourcecode.cpp.cpp; path = sampler.cc; sourceTree = "<group>"; };
		F6AE1FFF2604B1C300A687AE /* errorhandling.cc */ = {isa = PBXFileReference; fileEncoding = 4; lastKnownFileType = sourcecode.cpp.cpp; path = errorhandling.cc; sourceTree = "<group>"; };
		F6AE20002604B1C300A687AE /* fft.cc */ = {isa = PBXFileReference; fileEncoding = 4; lastKnownFileType = sourcecode.cpp.cpp; path = fft.cc; sourceTree = "<group>"; };
		F6AE20012604B1C300A687AE /* audioplugin.cc */ = {isa = PBXFileReference; fileEncoding = 4; lastKnownFileType = sourcecode.cpp.cpp; path = audioplugin.cc; sourceTree = "<group>"; };
		F6AE20032604B1C300A687AE /* async_file.cc */ = {isa = PBXFileReference; fileEncoding = 4; lastKnownFileType = sourcecode.cpp.cpp; path = async_file.cc; sourceTree = "<group>"; };
		F6AE20052604B1C300A687AE /* irrender.cc */ = {isa = PBXFileReference; fileEncoding = 4; lastKnownFileType = sourcecode.cpp.cpp; path = irrender.cc; sourceTree = "<group>"; };
		F6AE20062604B1C300A687AE /* speakerarray.cc */ = {isa = PBXFileReference; fileEncoding = 4; lastKnownFileType = sourcecode.cpp.cpp; path = speakerarray.cc; sourceTree = "<group>"; };
		F6AE20072604B1C300A687AE /* coordinates.cc */ = {isa = PBXFileReference; fileEncoding = 4; lastKnownFileType = sourcecode.cpp.cpp; path = coordinates.cc; sourceTree = "<group>"; };
		F6AE200C2604B1C300A687AE /* vbap3d.cc */ = {isa = PBXFileReference; fileEncoding = 4; lastKnownFileType = sourcecode.cpp.cpp; path = vbap3d.cc; sourceTree = "<group>"; };
		F6AE200E2604B1C300A687AE /* spectrum.cc */ = {isa = PBXFileReference; fileEncoding = 4; lastKnownFileType = sourcecode.cpp.cpp; path = spectrum.cc; sourceTree = "<group>"; };
		F6AE200F2604B1C300A687AE /* jackiowav.cc */ = {isa = PBXFileReference; fileEncoding = 4; lastKnownFileType = sourcecode.cpp.cpp; path = jackiowav.cc; sourceTree = "<group>"; };
		F6AE20112604B1C300A687AE /* receivermod.cc */ = {isa = PBXFileReference; fileEncoding = 4; lastKnownFileType = sourcecode.cpp.cpp; path = receivermod.cc; sourceTree = "<group>"; };
		F6AE20132604B1C300A687AE /* sourcemod.cc */ = {isa = PBXFileReference; fileEncoding = 4; lastKnownFileType = sourcecode.cpp.cpp; path = sourcemod.cc; sourceTree = "<group>"; };
		F6AE20142604B1C300A687AE /* delayline.cc */ = {isa = PBXFileReference; fileEncoding = 4; lastKnownFileType = sourcecode.cpp.cpp; path = delayline.cc; sourceTree = "<group>"; };
		F6AE20152604B1C300A687AE /* licensehandler.cc */ = {isa = PBXFileReference; fileEncoding = 4; lastKnownFileType = sourcecode.cpp.cpp; path = licensehandler.cc; sourceTree = "<group>"; };
		F6AE20162604B1C300A687AE /* viewport.cc */ = {isa = PBXFileReference; fileEncoding = 4; lastKnownFileType = sourcecode.cpp.cpp; path = viewport.cc; sourceTree = "<group>"; };
		F6AE20172604B1C300A687AE /* stft.cc */ = {isa = PBXFileReference; fileEncoding = 4; lastKnownFileType = sourcecode.cpp.cpp; path = stft.cc; sourceTree = "<group>"; };
		F6AE20182604B1C300A687AE /* audiochunks.cc */ = {isa = PBXFileReference; fileEncoding = 4; lastKnownFileType = sourcecode.cpp.cpp; path = audiochunks.cc; sourceTree = "<group>"; };
		F6AE20192604B1C300A687AE /* session_reader.cc */ = {isa = PBXFileReference; fileEncoding = 4; lastKnownFileType = sourcecode.cpp.cpp; path = session_reader.cc; sourceTree = "<group>"; };
		F6AE201A2604B1C300A687AE /* dynamicobjects.cc */ = {isa = PBXFileReference; fileEncoding = 4; lastKnownFileType = sourcecode.cpp.cpp; path = dynamicobjects.cc; sourceTree = "<group>"; };
		F6AE201E2604B1C300A687AE /* audiostates.cc */ = {isa = PBXFileReference; fileEncoding = 4; lastKnownFileType = sourcecode.cpp.cpp; path = audiostates.cc; sourceTree = "<group>"; };
		F6AE20202604B1C300A687AE /* osc_helper.cc */ = {isa = PBXFileReference; fileEncoding = 4; lastKnownFileType = sourcecode.cpp.cpp; path = osc_helper.cc; sourceTree = "<group>"; };
		F6AE20212604B1C300A687AE /* jackclient.cc */ = {isa = PBXFileReference; fileEncoding = 4; lastKnownFileType = sourcecode.cpp.cpp; path = jackclient.cc; sourceTree = "<group>"; };
		F6AE20382604B1C300A687AE /* serviceclass.cc */ = {isa = PBXFileReference; fileEncoding = 4; lastKnownFileType = sourcecode.cpp.cpp; path = serviceclass.cc; sourceTree = "<group>"; };
		F6AE203A2604B1C300A687AE /* session.cc */ = {isa = PBXFileReference; fileEncoding = 4; lastKnownFileType = sourcecode.cpp.cpp; path = session.cc; sourceTree = "<group>"; };
		F6AE203B2604B1C300A687AE /* hoa.cc */ = {isa = PBXFileReference; fileEncoding = 4; lastKnownFileType = sourcecode.cpp.cpp; path = hoa.cc; sourceTree = "<group>"; };
		F6AE203C2604B1C300A687AE /* scene.cc */ = {isa = PBXFileReference; fileEncoding = 4; lastKnownFileType = sourcecode.cpp.cpp; path = scene.cc; sourceTree = "<group>"; };
		F6AE203E2604B1C300A687AE /* ola.cc */ = {isa = PBXFileReference; fileEncoding = 4; lastKnownFileType = sourcecode.cpp.cpp; path = ola.cc; sourceTree = "<group>"; };
		F6AE203F2604B1C300A687AE /* ringbuffer.cc */ = {isa = PBXFileReference; fileEncoding = 4; lastKnownFileType = sourcecode.cpp.cpp; path = ringbuffer.cc; sourceTree = "<group>"; };
		F6AE20402604B1C300A687AE /* acousticmodel.cc */ = {isa = PBXFileReference; fileEncoding = 4; lastKnownFileType = sourcecode.cpp.cpp; path = acousticmodel.cc; sourceTree = "<group>"; };
		F6AE20412604B1C300A687AE /* levelmeter.cc */ = {isa = PBXFileReference; fileEncoding = 4; lastKnownFileType = sourcecode.cpp.cpp; path = levelmeter.cc; sourceTree = "<group>"; };
		F6AE20432604B1C300A687AE /* LICENSE */ = {isa = PBXFileReference; fileEncoding = 4; lastKnownFileType = text; path = LICENSE; sourceTree = "<group>"; };
		F6AE20442604B1C300A687AE /* convhull_3d.h */ = {isa = PBXFileReference; fileEncoding = 4; lastKnownFileType = sourcecode.c.h; path = convhull_3d.h; sourceTree = "<group>"; };
		F6AE20452604B1C300A687AE /* README.md */ = {isa = PBXFileReference; fileEncoding = 4; lastKnownFileType = net.daringfireball.markdown; path = README.md; sourceTree = "<group>"; };
		F6AE20462604B1C300A687AE /* osc_scene.cc */ = {isa = PBXFileReference; fileEncoding = 4; lastKnownFileType = sourcecode.cpp.cpp; path = osc_scene.cc; sourceTree = "<group>"; };
		F6AE20472604B1C300A687AE /* pluginprocessor.cc */ = {isa = PBXFileReference; fileEncoding = 4; lastKnownFileType = sourcecode.cpp.cpp; path = pluginprocessor.cc; sourceTree = "<group>"; };
		F6AE20482604B1C300A687AE /* render.cc */ = {isa = PBXFileReference; fileEncoding = 4; lastKnownFileType = sourcecode.cpp.cpp; path = render.cc; sourceTree = "<group>"; };
		F6AE20492604B1C300A687AE /* tscconfig.cc */ = {isa = PBXFileReference; fileEncoding = 4; lastKnownFileType = sourcecode.cpp.cpp; path = tscconfig.cc; sourceTree = "<group>"; };
		F6AE204A2604B1C300A687AE /* filterclass.cc */ = {isa = PBXFileReference; fileEncoding = 4; lastKnownFileType = sourcecode.cpp.cpp; path = filterclass.cc; sourceTree = "<group>"; };
		F6AE204C2604B1C300A687AE /* jackrender.cc */ = {isa = PBXFileReference; fileEncoding = 4; lastKnownFileType = sourcecode.cpp.cpp; path = jackrender.cc; sourceTree = "<group>"; };
		F6AE209C2604B40200A687AE /* libsndfile.a */ = {isa = PBXFileReference; lastKnownFileType = archive.ar; name = libsndfile.a; path = ../../../../../../usr/local/Cellar/libsndfile/1.0.31/lib/libsndfile.a; sourceTree = "<group>"; };
		F6AE20A12604B4BB00A687AE /* sndfile.hh */ = {isa = PBXFileReference; lastKnownFileType = sourcecode.cpp.h; path = sndfile.hh; sourceTree = "<group>"; };
		F6AE20A22604B4BB00A687AE /* sndfile.h */ = {isa = PBXFileReference; lastKnownFileType = sourcecode.c.h; path = sndfile.h; sourceTree = "<group>"; };
		F6AE20D32604D32500A687AE /* libsystem_asl.tbd */ = {isa = PBXFileReference; lastKnownFileType = "sourcecode.text-based-dylib-definition"; name = libsystem_asl.tbd; path = usr/lib/system/libsystem_asl.tbd; sourceTree = SDKROOT; };
		F6AE20F62604F07300A687AE /* libjack.0.dylib */ = {isa = PBXFileReference; lastKnownFileType = "compiled.mach-o.dylib"; name = libjack.0.dylib; path = ../../../../../../usr/local/lib/libjack.0.dylib; sourceTree = "<group>"; };
		F6AE20FA2604F08D00A687AE /* libsamplerate.a */ = {isa = PBXFileReference; lastKnownFileType = archive.ar; name = libsamplerate.a; path = ../../../../../../usr/local/Cellar/libsamplerate/0.1.9_1/lib/libsamplerate.a; sourceTree = "<group>"; };
		F6AE20FC2604F0D600A687AE /* libxerces-c.a */ = {isa = PBXFileReference; lastKnownFileType = archive.ar; name = "libxerces-c.a"; path = "../../../../../../usr/local/Cellar/xerces-c/3.2.3/lib/libxerces-c.a"; sourceTree = "<group>"; };
		F6AE20FE2604F10E00A687AE /* libfftw3.a */ = {isa = PBXFileReference; lastKnownFileType = archive.ar; name = libfftw3.a; path = ../../../../../../usr/local/Cellar/fftw/3.3.9/lib/libfftw3.a; sourceTree = "<group>"; };
		F6AE21002604F13700A687AE /* libgsl.a */ = {isa = PBXFileReference; lastKnownFileType = archive.ar; name = libgsl.a; path = ../../../../../../usr/local/Cellar/gsl/2.6/lib/libgsl.a; sourceTree = "<group>"; };
		F6AE21022604F16E00A687AE /* liblo.7.dylib */ = {isa = PBXFileReference; lastKnownFileType = "compiled.mach-o.dylib"; name = liblo.7.dylib; path = ../../../../../../usr/local/Cellar/liblo/0.31/lib/liblo.7.dylib; sourceTree = "<group>"; };
		F6AE21052604F18F00A687AE /* libfftw3f.a */ = {isa = PBXFileReference; lastKnownFileType = archive.ar; name = libfftw3f.a; path = ../../../../../../usr/local/Cellar/fftw/3.3.9/lib/libfftw3f.a; sourceTree = "<group>"; };
/* End PBXFileReference section */

/* Begin PBXFrameworksBuildPhase section */
		F6AC32B32604AE9F00C56849 /* Frameworks */ = {
			isa = PBXFrameworksBuildPhase;
			buildActionMask = 2147483647;
			files = (
				F6AE209E2604B45500A687AE /* libsndfile.a in Frameworks */,
				F6AE21032604F16E00A687AE /* liblo.7.dylib in Frameworks */,
				F6AE21012604F14C00A687AE /* libgsl.a in Frameworks */,
				F6AE20FD2604F0E500A687AE /* libxerces-c.a in Frameworks */,
				F6AE21062604F1A600A687AE /* libfftw3f.a in Frameworks */,
				F6AE20FB2604F0A600A687AE /* libsamplerate.a in Frameworks */,
				F6AE20F72604F07300A687AE /* libjack.0.dylib in Frameworks */,
			);
			runOnlyForDeploymentPostprocessing = 0;
		};
/* End PBXFrameworksBuildPhase section */

/* Begin PBXGroup section */
		F6AC32AC2604AE9F00C56849 = {
			isa = PBXGroup;
			children = (
				F6AE1F982604B1B800A687AE /* include */,
				F6AE1FFC2604B1C300A687AE /* src */,
				F6AC32B62604AE9F00C56849 /* Products */,
				F6AE209B2604B40200A687AE /* Frameworks */,
			);
			sourceTree = "<group>";
		};
		F6AC32B62604AE9F00C56849 /* Products */ = {
			isa = PBXGroup;
			children = (
				F6AC32B52604AE9F00C56849 /* libtascar.dylib */,
			);
			name = Products;
			sourceTree = "<group>";
		};
		F6AE1F982604B1B800A687AE /* include */ = {
			isa = PBXGroup;
			children = (
				F6AE1F992604B1B800A687AE /* fft.h */,
				F6AE1F9A2604B1B800A687AE /* vbap3d.h */,
				F6AE1F9B2604B1B800A687AE /* async_file.h */,
				F6AE1F9C2604B1B800A687AE /* defs.h */,
				F6AE1F9D2604B1B800A687AE /* sourcemod.h */,
				F6AE1F9E2604B1B800A687AE /* gui_elements.h */,
				F6AE1F9F2604B1B800A687AE /* speakerarray.h */,
				F6AE1FA02604B1B800A687AE /* licensehandler.h */,
				F6AE1FA12604B1B800A687AE /* audiochunks.h */,
				F6AE1FA22604B1B800A687AE /* tascar.h */,
				F6AE1FA32604B1B800A687AE /* levelmeter.h */,
				F6AE1FA42604B1B800A687AE /* filterclass.h */,
				F6AE1FA52604B1B800A687AE /* jackrender.h */,
				F6AE1FA62604B1B800A687AE /* audioplugin.h */,
				F6AE1FA72604B1B800A687AE /* hoa.h */,
				F6AE1FA82604B1B800A687AE /* sampler.h */,
				F6AE1FA92604B1B800A687AE /* coordinates.h */,
				F6AE1FAA2604B1B800A687AE /* pluginprocessor.h */,
				F6AE1FAB2604B1B800A687AE /* viewport.h */,
				F6AE1FAC2604B1B800A687AE /* osc_helper.h */,
				F6AE1FAD2604B1B800A687AE /* pdfexport.h */,
				F6AE1FAE2604B1B800A687AE /* jackiowav.h */,
				F6AE1FAF2604B1B800A687AE /* acousticmodel.h */,
				F6AE1FB02604B1B800A687AE /* amb33defs.h */,
				F6AE1FB12604B1B800A687AE /* serialport.h */,
				F6AE1FB22604B1B800A687AE /* osc_scene.h */,
				F6AE1FB32604B1B800A687AE /* alsamidicc.h */,
				F6AE1FB42604B1B800A687AE /* tscconfig.h */,
				F6AE1FB52604B1B800A687AE /* termsetbaud.h */,
				F6AE1FB62604B1B800A687AE /* cli.h */,
				F6AE1FB72604B1B800A687AE /* delayline.h */,
				F6AE1FB82604B1B800A687AE /* dynamicobjects.h */,
				F6AE1FB92604B1B800A687AE /* dmxdriver.h */,
				F6AE1FBA2604B1B800A687AE /* session.h */,
				F6AE1FBB2604B1B800A687AE /* tascarplugin.h */,
				F6AE1FBC2604B1B800A687AE /* irrender.h */,
				F6AE1FBD2604B1B800A687AE /* spectrum.h */,
				F6AE1FBE2604B1B800A687AE /* audiostates.h */,
				F6AE1FBF2604B1B800A687AE /* stft.h */,
				F6AE1FC02604B1B800A687AE /* tascarver.h */,
				F6AE1FC12604B1B800A687AE /* errorhandling.h */,
				F6AE1FC22604B1B800A687AE /* session_reader.h */,
				F6AE1FC32604B1B800A687AE /* jackclient.h */,
				F6AE1FC42604B1B800A687AE /* serviceclass.h */,
				F6AE1FC52604B1B800A687AE /* receivermod.h */,
				F6AE1FC62604B1B800A687AE /* ringbuffer.h */,
				F6AE1FC72604B1B800A687AE /* render.h */,
				F6AE1FC82604B1B800A687AE /* scene.h */,
				F6AE1FC92604B1B800A687AE /* ola.h */,
			);
			path = include;
			sourceTree = "<group>";
		};
		F6AE1FFC2604B1C300A687AE /* src */ = {
			isa = PBXGroup;
			children = (
				F6AE20402604B1C300A687AE /* acousticmodel.cc */,
				F6AE20032604B1C300A687AE /* async_file.cc */,
				F6AE20182604B1C300A687AE /* audiochunks.cc */,
				F6AE20012604B1C300A687AE /* audioplugin.cc */,
				F6AE201E2604B1C300A687AE /* audiostates.cc */,
				F6AE20422604B1C300A687AE /* convhull_3d */,
				F6AE20072604B1C300A687AE /* coordinates.cc */,
				F6AE20142604B1C300A687AE /* delayline.cc */,
				F6AE201A2604B1C300A687AE /* dynamicobjects.cc */,
				F6AE1FFF2604B1C300A687AE /* errorhandling.cc */,
				F6AE20002604B1C300A687AE /* fft.cc */,
				F6AE204A2604B1C300A687AE /* filterclass.cc */,
				F6AE203B2604B1C300A687AE /* hoa.cc */,
				F6AE20052604B1C300A687AE /* irrender.cc */,
				F6AE20212604B1C300A687AE /* jackclient.cc */,
				F6AE200F2604B1C300A687AE /* jackiowav.cc */,
				F6AE204C2604B1C300A687AE /* jackrender.cc */,
				F6AE20412604B1C300A687AE /* levelmeter.cc */,
				F6AE20152604B1C300A687AE /* licensehandler.cc */,
				F6AE203E2604B1C300A687AE /* ola.cc */,
				F6AE20202604B1C300A687AE /* osc_helper.cc */,
				F6AE20462604B1C300A687AE /* osc_scene.cc */,
				F6AE20472604B1C300A687AE /* pluginprocessor.cc */,
				F6AE20112604B1C300A687AE /* receivermod.cc */,
				F6AE20482604B1C300A687AE /* render.cc */,
				F6AE203F2604B1C300A687AE /* ringbuffer.cc */,
				F6AE1FFE2604B1C300A687AE /* sampler.cc */,
				F6AE203C2604B1C300A687AE /* scene.cc */,
				F6AE20382604B1C300A687AE /* serviceclass.cc */,
				F6AE20192604B1C300A687AE /* session_reader.cc */,
				F6AE203A2604B1C300A687AE /* session.cc */,
				F6AE20132604B1C300A687AE /* sourcemod.cc */,
				F6AE20062604B1C300A687AE /* speakerarray.cc */,
				F6AE200E2604B1C300A687AE /* spectrum.cc */,
				F6AE20172604B1C300A687AE /* stft.cc */,
				F6AE20492604B1C300A687AE /* tscconfig.cc */,
				F6AE200C2604B1C300A687AE /* vbap3d.cc */,
				F6AE20162604B1C300A687AE /* viewport.cc */,
			);
			path = src;
			sourceTree = SOURCE_ROOT;
		};
		F6AE20422604B1C300A687AE /* convhull_3d */ = {
			isa = PBXGroup;
			children = (
				F6AE20432604B1C300A687AE /* LICENSE */,
				F6AE20442604B1C300A687AE /* convhull_3d.h */,
				F6AE20452604B1C300A687AE /* README.md */,
			);
			path = convhull_3d;
			sourceTree = "<group>";
		};
		F6AE209B2604B40200A687AE /* Frameworks */ = {
			isa = PBXGroup;
			children = (
				F6AE21052604F18F00A687AE /* libfftw3f.a */,
				F6AE21022604F16E00A687AE /* liblo.7.dylib */,
				F6AE21002604F13700A687AE /* libgsl.a */,
				F6AE20FE2604F10E00A687AE /* libfftw3.a */,
				F6AE20FC2604F0D600A687AE /* libxerces-c.a */,
				F6AE20FA2604F08D00A687AE /* libsamplerate.a */,
				F6AE20F62604F07300A687AE /* libjack.0.dylib */,
				F6AE20D32604D32500A687AE /* libsystem_asl.tbd */,
				F6AE20A02604B4BB00A687AE /* include */,
				F6AE209C2604B40200A687AE /* libsndfile.a */,
			);
			name = Frameworks;
			sourceTree = "<group>";
		};
		F6AE20A02604B4BB00A687AE /* include */ = {
			isa = PBXGroup;
			children = (
				F6AE20A12604B4BB00A687AE /* sndfile.hh */,
				F6AE20A22604B4BB00A687AE /* sndfile.h */,
			);
			name = include;
			path = ../../../../../../usr/local/Cellar/libsndfile/1.0.31/include;
			sourceTree = "<group>";
		};
/* End PBXGroup section */

/* Begin PBXHeadersBuildPhase section */
		F6AC32B12604AE9F00C56849 /* Headers */ = {
			isa = PBXHeadersBuildPhase;
			buildActionMask = 2147483647;
			files = (
				F6AE1FEA2604B1B800A687AE /* dmxdriver.h in Headers */,
				F6AE1FF62604B1B800A687AE /* receivermod.h in Headers */,
				F6AE1FCC2604B1B800A687AE /* async_file.h in Headers */,
				F6AE1FE12604B1B800A687AE /* amb33defs.h in Headers */,
				F6AE1FF22604B1B800A687AE /* errorhandling.h in Headers */,
				F6AE1FEF2604B1B800A687AE /* audiostates.h in Headers */,
				F6AE1FF12604B1B800A687AE /* tascarver.h in Headers */,
				F6AE1FEB2604B1B800A687AE /* session.h in Headers */,
				F6AE1FCB2604B1B800A687AE /* vbap3d.h in Headers */,
				F6AE1FCE2604B1B800A687AE /* sourcemod.h in Headers */,
				F6AE1FD92604B1B800A687AE /* sampler.h in Headers */,
				F6AE1FD82604B1B800A687AE /* hoa.h in Headers */,
				F6AE1FF42604B1B800A687AE /* jackclient.h in Headers */,
				F6AE1FD02604B1B800A687AE /* speakerarray.h in Headers */,
				F6AE1FDD2604B1B800A687AE /* osc_helper.h in Headers */,
				F6AE1FD32604B1B800A687AE /* tascar.h in Headers */,
				F6AE1FF52604B1B800A687AE /* serviceclass.h in Headers */,
				F6AE1FCF2604B1B800A687AE /* gui_elements.h in Headers */,
				F6AE1FE22604B1B800A687AE /* serialport.h in Headers */,
				F6AE1FDB2604B1B800A687AE /* pluginprocessor.h in Headers */,
				F6AE1FDE2604B1B800A687AE /* pdfexport.h in Headers */,
				F6AE1FE82604B1B800A687AE /* delayline.h in Headers */,
				F6AE1FE52604B1B800A687AE /* tscconfig.h in Headers */,
				F6AE1FF82604B1B800A687AE /* render.h in Headers */,
				F6AE1FCD2604B1B800A687AE /* defs.h in Headers */,
				F6AE1FEE2604B1B800A687AE /* spectrum.h in Headers */,
				F6AE1FD52604B1B800A687AE /* filterclass.h in Headers */,
				F6AE1FF92604B1B800A687AE /* scene.h in Headers */,
				F6AE1FED2604B1B800A687AE /* irrender.h in Headers */,
				F6AE1FE32604B1B800A687AE /* osc_scene.h in Headers */,
				F6AE208B2604B1C300A687AE /* convhull_3d.h in Headers */,
				F6AE1FDA2604B1B800A687AE /* coordinates.h in Headers */,
				F6AE1FD72604B1B800A687AE /* audioplugin.h in Headers */,
				F6AE1FDC2604B1B800A687AE /* viewport.h in Headers */,
				F6AE1FF02604B1B800A687AE /* stft.h in Headers */,
				F6AE1FE92604B1B800A687AE /* dynamicobjects.h in Headers */,
				F6AE1FD62604B1B800A687AE /* jackrender.h in Headers */,
				F6AE1FF72604B1B800A687AE /* ringbuffer.h in Headers */,
				F6AE1FE62604B1B800A687AE /* termsetbaud.h in Headers */,
				F6AE1FCA2604B1B800A687AE /* fft.h in Headers */,
				F6AE1FEC2604B1B800A687AE /* tascarplugin.h in Headers */,
				F6AE1FE42604B1B800A687AE /* alsamidicc.h in Headers */,
				F6AE1FD22604B1B800A687AE /* audiochunks.h in Headers */,
				F6AE1FF32604B1B800A687AE /* session_reader.h in Headers */,
				F6AE1FD42604B1B800A687AE /* levelmeter.h in Headers */,
				F6AE1FDF2604B1B800A687AE /* jackiowav.h in Headers */,
				F6AE1FFA2604B1B800A687AE /* ola.h in Headers */,
				F6AE1FE72604B1B800A687AE /* cli.h in Headers */,
				F6AE1FE02604B1B800A687AE /* acousticmodel.h in Headers */,
				F6AE1FD12604B1B800A687AE /* licensehandler.h in Headers */,
			);
			runOnlyForDeploymentPostprocessing = 0;
		};
/* End PBXHeadersBuildPhase section */

/* Begin PBXNativeTarget section */
		F6AC32B42604AE9F00C56849 /* tascar */ = {
			isa = PBXNativeTarget;
			buildConfigurationList = F6AC32C02604AE9F00C56849 /* Build configuration list for PBXNativeTarget "tascar" */;
			buildPhases = (
				F6AC32B12604AE9F00C56849 /* Headers */,
				F6AE20E02604E53200A687AE /* ShellScript */,
				F6AC32B22604AE9F00C56849 /* Sources */,
				F6AC32B32604AE9F00C56849 /* Frameworks */,
				F6AE20F92604F07300A687AE /* Embed Libraries */,
			);
			buildRules = (
			);
			dependencies = (
			);
			name = tascar;
			productName = tascar;
			productReference = F6AC32B52604AE9F00C56849 /* libtascar.dylib */;
			productType = "com.apple.product-type.library.dynamic";
		};
/* End PBXNativeTarget section */

/* Begin PBXProject section */
		F6AC32AD2604AE9F00C56849 /* Project object */ = {
			isa = PBXProject;
			attributes = {
				LastUpgradeCheck = 1240;
				TargetAttributes = {
					F6AC32B42604AE9F00C56849 = {
						CreatedOnToolsVersion = 12.4;
					};
				};
			};
			buildConfigurationList = F6AC32B02604AE9F00C56849 /* Build configuration list for PBXProject "tascar" */;
			compatibilityVersion = "Xcode 9.3";
			developmentRegion = en;
			hasScannedForEncodings = 0;
			knownRegions = (
				en,
				Base,
			);
			mainGroup = F6AC32AC2604AE9F00C56849;
			productRefGroup = F6AC32B62604AE9F00C56849 /* Products */;
			projectDirPath = "";
			projectRoot = "";
			targets = (
				F6AC32B42604AE9F00C56849 /* tascar */,
			);
		};
/* End PBXProject section */

/* Begin PBXShellScriptBuildPhase section */
		F6AE20E02604E53200A687AE /* ShellScript */ = {
			isa = PBXShellScriptBuildPhase;
			alwaysOutOfDate = 1;
			buildActionMask = 12;
			files = (
			);
			inputFileListPaths = (
			);
			inputPaths = (
				"$(SRCROOT)/get_version.sh",
			);
			outputFileListPaths = (
			);
			outputPaths = (
			);
			runOnlyForDeploymentPostprocessing = 0;
			shellPath = /bin/sh;
			shellScript = "cd ${SRCROOT}/../\nVERSION=$(cat config.mk | sed -e '2 ! d' -e 's/.*=//1')\nGITMODIFIED=$(test -z \"`git status --porcelain -uno`\" || echo \"-modified\")\nCOMMITHASH=$(git log -1 --abbrev=7 --pretty='format:%h')\nCOMMIT_SINCE_MASTER=$(git log --pretty='format:%h' origin/master.. | wc -w | xargs)\n\nFULLVERSION=${VERSION}.${COMMIT_SINCE_MASTER}-${COMMITHASH}${GITMODIFIED}\nHAS_LSL=$(sh check_for_lsl)\nHAS_OPENMHA=$(sh check_for_openmha)\nHAS_OPENCV2=$(sh check_for_opencv2)\nHAS_OPENCV4=$(sh check_for_opencv4)\n\necho \"Creating tascarver.h with version ${FULLVERSION}\"\nmkdir -p ${SRCROOT}/build\necho '#define TASCARVER \"'$(FULLVERSION)'\"' > ${SRCROOT}/build/tascarver.h\n";
		};
/* End PBXShellScriptBuildPhase section */

/* Begin PBXSourcesBuildPhase section */
		F6AC32B22604AE9F00C56849 /* Sources */ = {
			isa = PBXSourcesBuildPhase;
			buildActionMask = 2147483647;
			files = (
				F6AE20662604B1C300A687AE /* stft.cc in Sources */,
				F6AE20892604B1C300A687AE /* acousticmodel.cc in Sources */,
				F6AE206D2604B1C300A687AE /* audiostates.cc in Sources */,
				F6AE205D2604B1C300A687AE /* spectrum.cc in Sources */,
				F6AE204F2604B1C300A687AE /* errorhandling.cc in Sources */,
				F6AE204E2604B1C300A687AE /* sampler.cc in Sources */,
				F6AE20552604B1C300A687AE /* irrender.cc in Sources */,
				F6AE20632604B1C300A687AE /* delayline.cc in Sources */,
				F6AE20852604B1C300A687AE /* scene.cc in Sources */,
				F6AE205B2604B1C300A687AE /* vbap3d.cc in Sources */,
				F6AE20902604B1C300A687AE /* filterclass.cc in Sources */,
				F6AE20672604B1C300A687AE /* audiochunks.cc in Sources */,
				F6AE20602604B1C300A687AE /* receivermod.cc in Sources */,
				F6AE208E2604B1C300A687AE /* render.cc in Sources */,
				F6AE20512604B1C300A687AE /* audioplugin.cc in Sources */,
				F6AE20532604B1C300A687AE /* async_file.cc in Sources */,
				F6AE20682604B1C300A687AE /* session_reader.cc in Sources */,
				F6AE208D2604B1C300A687AE /* pluginprocessor.cc in Sources */,
				F6AE20872604B1C300A687AE /* ola.cc in Sources */,
				F6AE20642604B1C300A687AE /* licensehandler.cc in Sources */,
				F6AE20922604B1C300A687AE /* jackrender.cc in Sources */,
				F6AE208A2604B1C300A687AE /* levelmeter.cc in Sources */,
				F6AE208F2604B1C300A687AE /* tscconfig.cc in Sources */,
				F6AE208C2604B1C300A687AE /* osc_scene.cc in Sources */,
				F6AE20812604B1C300A687AE /* serviceclass.cc in Sources */,
				F6AE20832604B1C300A687AE /* session.cc in Sources */,
				F6AE20842604B1C300A687AE /* hoa.cc in Sources */,
				F6AE20692604B1C300A687AE /* dynamicobjects.cc in Sources */,
				F6AE20572604B1C300A687AE /* coordinates.cc in Sources */,
				F6AE20502604B1C300A687AE /* fft.cc in Sources */,
				F6AE20622604B1C300A687AE /* sourcemod.cc in Sources */,
				F6AE20702604B1C300A687AE /* jackclient.cc in Sources */,
				F6AE206F2604B1C300A687AE /* osc_helper.cc in Sources */,
				F6AE20562604B1C300A687AE /* speakerarray.cc in Sources */,
				F6AE20882604B1C300A687AE /* ringbuffer.cc in Sources */,
				F6AE205E2604B1C300A687AE /* jackiowav.cc in Sources */,
				F6AE20652604B1C300A687AE /* viewport.cc in Sources */,
			);
			runOnlyForDeploymentPostprocessing = 0;
		};
/* End PBXSourcesBuildPhase section */

/* Begin XCBuildConfiguration section */
		F6AC32BE2604AE9F00C56849 /* Debug */ = {
			isa = XCBuildConfiguration;
			buildSettings = {
				ALWAYS_SEARCH_USER_PATHS = NO;
				CLANG_ANALYZER_NONNULL = YES;
				CLANG_ANALYZER_NUMBER_OBJECT_CONVERSION = YES_AGGRESSIVE;
				CLANG_CXX_LANGUAGE_STANDARD = "gnu++14";
				CLANG_CXX_LIBRARY = "libc++";
				CLANG_ENABLE_MODULES = YES;
				CLANG_ENABLE_OBJC_ARC = YES;
				CLANG_ENABLE_OBJC_WEAK = YES;
				CLANG_WARN_BLOCK_CAPTURE_AUTORELEASING = YES;
				CLANG_WARN_BOOL_CONVERSION = YES;
				CLANG_WARN_COMMA = YES;
				CLANG_WARN_CONSTANT_CONVERSION = YES;
				CLANG_WARN_DEPRECATED_OBJC_IMPLEMENTATIONS = YES;
				CLANG_WARN_DIRECT_OBJC_ISA_USAGE = YES_ERROR;
				CLANG_WARN_DOCUMENTATION_COMMENTS = YES;
				CLANG_WARN_EMPTY_BODY = YES;
				CLANG_WARN_ENUM_CONVERSION = YES;
				CLANG_WARN_INFINITE_RECURSION = YES;
				CLANG_WARN_INT_CONVERSION = YES;
				CLANG_WARN_NON_LITERAL_NULL_CONVERSION = YES;
				CLANG_WARN_OBJC_IMPLICIT_RETAIN_SELF = YES;
				CLANG_WARN_OBJC_LITERAL_CONVERSION = YES;
				CLANG_WARN_OBJC_ROOT_CLASS = YES_ERROR;
				CLANG_WARN_QUOTED_INCLUDE_IN_FRAMEWORK_HEADER = YES;
				CLANG_WARN_RANGE_LOOP_ANALYSIS = YES;
				CLANG_WARN_STRICT_PROTOTYPES = YES;
				CLANG_WARN_SUSPICIOUS_MOVE = YES;
				CLANG_WARN_UNGUARDED_AVAILABILITY = YES_AGGRESSIVE;
				CLANG_WARN_UNREACHABLE_CODE = YES;
				CLANG_WARN__DUPLICATE_METHOD_MATCH = YES;
				COPY_PHASE_STRIP = NO;
				DEBUG_INFORMATION_FORMAT = dwarf;
				ENABLE_STRICT_OBJC_MSGSEND = YES;
				ENABLE_TESTABILITY = YES;
				GCC_C_LANGUAGE_STANDARD = gnu11;
				GCC_DYNAMIC_NO_PIC = NO;
				GCC_NO_COMMON_BLOCKS = YES;
				GCC_OPTIMIZATION_LEVEL = 0;
				GCC_PREPROCESSOR_DEFINITIONS = (
					"DEBUG=1",
					"$(inherited)",
				);
				GCC_WARN_64_TO_32_BIT_CONVERSION = YES;
				GCC_WARN_ABOUT_RETURN_TYPE = YES_ERROR;
				GCC_WARN_UNDECLARED_SELECTOR = YES;
				GCC_WARN_UNINITIALIZED_AUTOS = YES_AGGRESSIVE;
				GCC_WARN_UNUSED_FUNCTION = YES;
				GCC_WARN_UNUSED_VARIABLE = YES;
				MACOSX_DEPLOYMENT_TARGET = 11.1;
				MTL_ENABLE_DEBUG_INFO = INCLUDE_SOURCE;
				MTL_FAST_MATH = YES;
				ONLY_ACTIVE_ARCH = YES;
				SDKROOT = macosx;
			};
			name = Debug;
		};
		F6AC32BF2604AE9F00C56849 /* Release */ = {
			isa = XCBuildConfiguration;
			buildSettings = {
				ALWAYS_SEARCH_USER_PATHS = NO;
				CLANG_ANALYZER_NONNULL = YES;
				CLANG_ANALYZER_NUMBER_OBJECT_CONVERSION = YES_AGGRESSIVE;
				CLANG_CXX_LANGUAGE_STANDARD = "gnu++14";
				CLANG_CXX_LIBRARY = "libc++";
				CLANG_ENABLE_MODULES = YES;
				CLANG_ENABLE_OBJC_ARC = YES;
				CLANG_ENABLE_OBJC_WEAK = YES;
				CLANG_WARN_BLOCK_CAPTURE_AUTORELEASING = YES;
				CLANG_WARN_BOOL_CONVERSION = YES;
				CLANG_WARN_COMMA = YES;
				CLANG_WARN_CONSTANT_CONVERSION = YES;
				CLANG_WARN_DEPRECATED_OBJC_IMPLEMENTATIONS = YES;
				CLANG_WARN_DIRECT_OBJC_ISA_USAGE = YES_ERROR;
				CLANG_WARN_DOCUMENTATION_COMMENTS = YES;
				CLANG_WARN_EMPTY_BODY = YES;
				CLANG_WARN_ENUM_CONVERSION = YES;
				CLANG_WARN_INFINITE_RECURSION = YES;
				CLANG_WARN_INT_CONVERSION = YES;
				CLANG_WARN_NON_LITERAL_NULL_CONVERSION = YES;
				CLANG_WARN_OBJC_IMPLICIT_RETAIN_SELF = YES;
				CLANG_WARN_OBJC_LITERAL_CONVERSION = YES;
				CLANG_WARN_OBJC_ROOT_CLASS = YES_ERROR;
				CLANG_WARN_QUOTED_INCLUDE_IN_FRAMEWORK_HEADER = YES;
				CLANG_WARN_RANGE_LOOP_ANALYSIS = YES;
				CLANG_WARN_STRICT_PROTOTYPES = YES;
				CLANG_WARN_SUSPICIOUS_MOVE = YES;
				CLANG_WARN_UNGUARDED_AVAILABILITY = YES_AGGRESSIVE;
				CLANG_WARN_UNREACHABLE_CODE = YES;
				CLANG_WARN__DUPLICATE_METHOD_MATCH = YES;
				COPY_PHASE_STRIP = NO;
				DEBUG_INFORMATION_FORMAT = "dwarf-with-dsym";
				ENABLE_NS_ASSERTIONS = NO;
				ENABLE_STRICT_OBJC_MSGSEND = YES;
				GCC_C_LANGUAGE_STANDARD = gnu11;
				GCC_NO_COMMON_BLOCKS = YES;
				GCC_WARN_64_TO_32_BIT_CONVERSION = YES;
				GCC_WARN_ABOUT_RETURN_TYPE = YES_ERROR;
				GCC_WARN_UNDECLARED_SELECTOR = YES;
				GCC_WARN_UNINITIALIZED_AUTOS = YES_AGGRESSIVE;
				GCC_WARN_UNUSED_FUNCTION = YES;
				GCC_WARN_UNUSED_VARIABLE = YES;
				MACOSX_DEPLOYMENT_TARGET = 11.1;
				MTL_ENABLE_DEBUG_INFO = NO;
				MTL_FAST_MATH = YES;
				SDKROOT = macosx;
			};
			name = Release;
		};
		F6AC32C12604AE9F00C56849 /* Debug */ = {
			isa = XCBuildConfiguration;
			buildSettings = {
				CLANG_CXX_LANGUAGE_STANDARD = "gnu++14";
				CLANG_CXX_LIBRARY = "libc++";
				CODE_SIGN_STYLE = Automatic;
				DEVELOPMENT_TEAM = JH3275598G;
				DYLIB_COMPATIBILITY_VERSION = 1;
				DYLIB_CURRENT_VERSION = 1;
				EXECUTABLE_PREFIX = lib;
				GCC_ENABLE_CPP_EXCEPTIONS = YES;
				GCC_ENABLE_CPP_RTTI = YES;
				GCC_PREPROCESSOR_DEFINITIONS = "DEBUGS=1";
				GCC_SYMBOLS_PRIVATE_EXTERN = YES;
				HEADER_SEARCH_PATHS = (
					"/usr/local/opt/xerces-c/include",
					/usr/local/opt/libsndfile/include,
					/usr/local/opt/fftw/include,
					/usr/local/opt/jack/include,
					/usr/local/opt/liblo/include,
					/usr/local/opt/gsl/include,
					/usr/local/opt/eigen/include/eigen3,
					/usr/local/opt/libsamplerate/include,
				);
				LIBRARY_SEARCH_PATHS = (
					"$(inherited)",
					/usr/local/lib,
				);
				PRODUCT_NAME = "$(TARGET_NAME)";
				SKIP_INSTALL = YES;
			};
			name = Debug;
		};
		F6AC32C22604AE9F00C56849 /* Release */ = {
			isa = XCBuildConfiguration;
			buildSettings = {
				CLANG_CXX_LANGUAGE_STANDARD = "gnu++14";
				CLANG_CXX_LIBRARY = "libc++";
				CODE_SIGN_STYLE = Automatic;
				DEVELOPMENT_TEAM = JH3275598G;
				DYLIB_COMPATIBILITY_VERSION = 1;
				DYLIB_CURRENT_VERSION = 1;
				EXECUTABLE_PREFIX = lib;
				GCC_ENABLE_CPP_EXCEPTIONS = YES;
				GCC_ENABLE_CPP_RTTI = YES;
				GCC_SYMBOLS_PRIVATE_EXTERN = YES;
				HEADER_SEARCH_PATHS = (
					"/usr/local/opt/xerces-c/include",
					/usr/local/opt/libsndfile/include,
					/usr/local/opt/fftw/include,
					/usr/local/opt/jack/include,
					/usr/local/opt/liblo/include,
					/usr/local/opt/gsl/include,
					/usr/local/opt/eigen/include/eigen3,
					/usr/local/opt/libsamplerate/include,
				);
				LIBRARY_SEARCH_PATHS = (
					"$(inherited)",
					/usr/local/lib,
				);
				PRODUCT_NAME = "$(TARGET_NAME)";
				SKIP_INSTALL = YES;
			};
			name = Release;
		};
/* End XCBuildConfiguration section */

/* Begin XCConfigurationList section */
		F6AC32B02604AE9F00C56849 /* Build configuration list for PBXProject "tascar" */ = {
			isa = XCConfigurationList;
			buildConfigurations = (
				F6AC32BE2604AE9F00C56849 /* Debug */,
				F6AC32BF2604AE9F00C56849 /* Release */,
			);
			defaultConfigurationIsVisible = 0;
			defaultConfigurationName = Release;
		};
		F6AC32C02604AE9F00C56849 /* Build configuration list for PBXNativeTarget "tascar" */ = {
			isa = XCConfigurationList;
			buildConfigurations = (
				F6AC32C12604AE9F00C56849 /* Debug */,
				F6AC32C22604AE9F00C56849 /* Release */,
			);
			defaultConfigurationIsVisible = 0;
			defaultConfigurationName = Release;
		};
/* End XCConfigurationList section */
	};
	rootObject = F6AC32AD2604AE9F00C56849 /* Project object */;
}
