// !$*UTF8*$!
{
	archiveVersion = 1;
	classes = {
	};
	objectVersion = 54;
	objects = {

/* Begin PBXBuildFile section */
		F6AE20F72604F07300A687AE /* libjack.0.dylib in Frameworks */ = {isa = PBXBuildFile; fileRef = F6AE20F62604F07300A687AE /* libjack.0.dylib */; };
		F6AE20F82604F07300A687AE /* libjack.0.dylib in Embed Libraries */ = {isa = PBXBuildFile; fileRef = F6AE20F62604F07300A687AE /* libjack.0.dylib */; settings = {ATTRIBUTES = (CodeSignOnCopy, ); }; };
		F6AE20FB2604F0A600A687AE /* libsamplerate.a in Frameworks */ = {isa = PBXBuildFile; fileRef = F6AE20FA2604F08D00A687AE /* libsamplerate.a */; };
		F6AE20FD2604F0E500A687AE /* libxerces-c.a in Frameworks */ = {isa = PBXBuildFile; fileRef = F6AE20FC2604F0D600A687AE /* libxerces-c.a */; };
		F6AE21012604F14C00A687AE /* libgsl.a in Frameworks */ = {isa = PBXBuildFile; fileRef = F6AE21002604F13700A687AE /* libgsl.a */; };
		F6AE21032604F16E00A687AE /* liblo.7.dylib in Frameworks */ = {isa = PBXBuildFile; fileRef = F6AE21022604F16E00A687AE /* liblo.7.dylib */; };
		F6AE21042604F16E00A687AE /* liblo.7.dylib in Embed Libraries */ = {isa = PBXBuildFile; fileRef = F6AE21022604F16E00A687AE /* liblo.7.dylib */; settings = {ATTRIBUTES = (CodeSignOnCopy, ); }; };
		F6AE21062604F1A600A687AE /* libfftw3f.a in Frameworks */ = {isa = PBXBuildFile; fileRef = F6AE21052604F18F00A687AE /* libfftw3f.a */; };
		F6AE233D2605061D00A687AE /* sampler.cc in Sources */ = {isa = PBXBuildFile; fileRef = F6AE22ED2605061D00A687AE /* sampler.cc */; };
		F6AE233E2605061D00A687AE /* errorhandling.cc in Sources */ = {isa = PBXBuildFile; fileRef = F6AE22EE2605061D00A687AE /* errorhandling.cc */; };
		F6AE233F2605061D00A687AE /* fft.cc in Sources */ = {isa = PBXBuildFile; fileRef = F6AE22EF2605061D00A687AE /* fft.cc */; };
		F6AE23402605061D00A687AE /* audioplugin.cc in Sources */ = {isa = PBXBuildFile; fileRef = F6AE22F02605061D00A687AE /* audioplugin.cc */; };
		F6AE23422605061D00A687AE /* async_file.cc in Sources */ = {isa = PBXBuildFile; fileRef = F6AE22F22605061D00A687AE /* async_file.cc */; };
		F6AE23442605061D00A687AE /* irrender.cc in Sources */ = {isa = PBXBuildFile; fileRef = F6AE22F42605061D00A687AE /* irrender.cc */; };
		F6AE23452605061D00A687AE /* speakerarray.cc in Sources */ = {isa = PBXBuildFile; fileRef = F6AE22F52605061D00A687AE /* speakerarray.cc */; };
		F6AE23462605061D00A687AE /* coordinates.cc in Sources */ = {isa = PBXBuildFile; fileRef = F6AE22F62605061D00A687AE /* coordinates.cc */; };
		F6AE234A2605061D00A687AE /* vbap3d.cc in Sources */ = {isa = PBXBuildFile; fileRef = F6AE22FB2605061D00A687AE /* vbap3d.cc */; };
		F6AE234C2605061D00A687AE /* spectrum.cc in Sources */ = {isa = PBXBuildFile; fileRef = F6AE22FD2605061D00A687AE /* spectrum.cc */; };
		F6AE234D2605061D00A687AE /* jackiowav.cc in Sources */ = {isa = PBXBuildFile; fileRef = F6AE22FE2605061D00A687AE /* jackiowav.cc */; };
		F6AE234F2605061D00A687AE /* receivermod.cc in Sources */ = {isa = PBXBuildFile; fileRef = F6AE23002605061D00A687AE /* receivermod.cc */; };
		F6AE23512605061D00A687AE /* sourcemod.cc in Sources */ = {isa = PBXBuildFile; fileRef = F6AE23022605061D00A687AE /* sourcemod.cc */; };
		F6AE23522605061D00A687AE /* delayline.cc in Sources */ = {isa = PBXBuildFile; fileRef = F6AE23032605061D00A687AE /* delayline.cc */; };
		F6AE23532605061D00A687AE /* licensehandler.cc in Sources */ = {isa = PBXBuildFile; fileRef = F6AE23042605061D00A687AE /* licensehandler.cc */; };
		F6AE23542605061D00A687AE /* viewport.cc in Sources */ = {isa = PBXBuildFile; fileRef = F6AE23052605061D00A687AE /* viewport.cc */; };
		F6AE23552605061D00A687AE /* stft.cc in Sources */ = {isa = PBXBuildFile; fileRef = F6AE23062605061D00A687AE /* stft.cc */; };
		F6AE23562605061D00A687AE /* audiochunks.cc in Sources */ = {isa = PBXBuildFile; fileRef = F6AE23072605061D00A687AE /* audiochunks.cc */; };
		F6AE23572605061D00A687AE /* session_reader.cc in Sources */ = {isa = PBXBuildFile; fileRef = F6AE23082605061D00A687AE /* session_reader.cc */; };
		F6AE23582605061D00A687AE /* dynamicobjects.cc in Sources */ = {isa = PBXBuildFile; fileRef = F6AE23092605061D00A687AE /* dynamicobjects.cc */; };
		F6AE235C2605061D00A687AE /* audiostates.cc in Sources */ = {isa = PBXBuildFile; fileRef = F6AE230D2605061D00A687AE /* audiostates.cc */; };
		F6AE235E2605061D00A687AE /* osc_helper.cc in Sources */ = {isa = PBXBuildFile; fileRef = F6AE230F2605061D00A687AE /* osc_helper.cc */; };
		F6AE235F2605061D00A687AE /* jackclient.cc in Sources */ = {isa = PBXBuildFile; fileRef = F6AE23102605061D00A687AE /* jackclient.cc */; };
		F6AE23702605061D00A687AE /* serviceclass.cc in Sources */ = {isa = PBXBuildFile; fileRef = F6AE23272605061D00A687AE /* serviceclass.cc */; };
		F6AE23722605061D00A687AE /* session.cc in Sources */ = {isa = PBXBuildFile; fileRef = F6AE23292605061D00A687AE /* session.cc */; };
		F6AE23732605061D00A687AE /* hoa.cc in Sources */ = {isa = PBXBuildFile; fileRef = F6AE232A2605061D00A687AE /* hoa.cc */; };
		F6AE23742605061D00A687AE /* scene.cc in Sources */ = {isa = PBXBuildFile; fileRef = F6AE232B2605061D00A687AE /* scene.cc */; };
		F6AE23762605061D00A687AE /* ola.cc in Sources */ = {isa = PBXBuildFile; fileRef = F6AE232D2605061D00A687AE /* ola.cc */; };
		F6AE23772605061D00A687AE /* ringbuffer.cc in Sources */ = {isa = PBXBuildFile; fileRef = F6AE232E2605061D00A687AE /* ringbuffer.cc */; };
		F6AE23782605061D00A687AE /* acousticmodel.cc in Sources */ = {isa = PBXBuildFile; fileRef = F6AE232F2605061D00A687AE /* acousticmodel.cc */; };
		F6AE23792605061D00A687AE /* levelmeter.cc in Sources */ = {isa = PBXBuildFile; fileRef = F6AE23302605061D00A687AE /* levelmeter.cc */; };
		F6AE237A2605061D00A687AE /* convhull_3d.h in Headers */ = {isa = PBXBuildFile; fileRef = F6AE23332605061D00A687AE /* convhull_3d.h */; };
		F6AE237B2605061D00A687AE /* osc_scene.cc in Sources */ = {isa = PBXBuildFile; fileRef = F6AE23352605061D00A687AE /* osc_scene.cc */; };
		F6AE237C2605061D00A687AE /* pluginprocessor.cc in Sources */ = {isa = PBXBuildFile; fileRef = F6AE23362605061D00A687AE /* pluginprocessor.cc */; };
		F6AE237D2605061D00A687AE /* render.cc in Sources */ = {isa = PBXBuildFile; fileRef = F6AE23372605061D00A687AE /* render.cc */; };
		F6AE237E2605061D00A687AE /* tscconfig.cc in Sources */ = {isa = PBXBuildFile; fileRef = F6AE23382605061D00A687AE /* tscconfig.cc */; };
		F6AE237F2605061D00A687AE /* filterclass.cc in Sources */ = {isa = PBXBuildFile; fileRef = F6AE23392605061D00A687AE /* filterclass.cc */; };
		F6AE23812605061D00A687AE /* jackrender.cc in Sources */ = {isa = PBXBuildFile; fileRef = F6AE233B2605061D00A687AE /* jackrender.cc */; };
		F6AE23B42605062300A687AE /* fft.h in Headers */ = {isa = PBXBuildFile; fileRef = F6AE23832605062300A687AE /* fft.h */; };
		F6AE23B52605062300A687AE /* vbap3d.h in Headers */ = {isa = PBXBuildFile; fileRef = F6AE23842605062300A687AE /* vbap3d.h */; };
		F6AE23B62605062300A687AE /* async_file.h in Headers */ = {isa = PBXBuildFile; fileRef = F6AE23852605062300A687AE /* async_file.h */; };
		F6AE23B72605062300A687AE /* defs.h in Headers */ = {isa = PBXBuildFile; fileRef = F6AE23862605062300A687AE /* defs.h */; };
		F6AE23B82605062300A687AE /* sourcemod.h in Headers */ = {isa = PBXBuildFile; fileRef = F6AE23872605062300A687AE /* sourcemod.h */; };
		F6AE23BA2605062300A687AE /* speakerarray.h in Headers */ = {isa = PBXBuildFile; fileRef = F6AE23892605062300A687AE /* speakerarray.h */; };
		F6AE23BB2605062300A687AE /* licensehandler.h in Headers */ = {isa = PBXBuildFile; fileRef = F6AE238A2605062300A687AE /* licensehandler.h */; };
		F6AE23BC2605062300A687AE /* audiochunks.h in Headers */ = {isa = PBXBuildFile; fileRef = F6AE238B2605062300A687AE /* audiochunks.h */; };
		F6AE23BD2605062300A687AE /* tascar.h in Headers */ = {isa = PBXBuildFile; fileRef = F6AE238C2605062300A687AE /* tascar.h */; };
		F6AE23BE2605062300A687AE /* levelmeter.h in Headers */ = {isa = PBXBuildFile; fileRef = F6AE238D2605062300A687AE /* levelmeter.h */; };
		F6AE23BF2605062300A687AE /* filterclass.h in Headers */ = {isa = PBXBuildFile; fileRef = F6AE238E2605062300A687AE /* filterclass.h */; };
		F6AE23C02605062300A687AE /* jackrender.h in Headers */ = {isa = PBXBuildFile; fileRef = F6AE238F2605062300A687AE /* jackrender.h */; };
		F6AE23C12605062300A687AE /* audioplugin.h in Headers */ = {isa = PBXBuildFile; fileRef = F6AE23902605062300A687AE /* audioplugin.h */; };
		F6AE23C22605062300A687AE /* hoa.h in Headers */ = {isa = PBXBuildFile; fileRef = F6AE23912605062300A687AE /* hoa.h */; };
		F6AE23C32605062300A687AE /* sampler.h in Headers */ = {isa = PBXBuildFile; fileRef = F6AE23922605062300A687AE /* sampler.h */; };
		F6AE23C42605062300A687AE /* coordinates.h in Headers */ = {isa = PBXBuildFile; fileRef = F6AE23932605062300A687AE /* coordinates.h */; };
		F6AE23C52605062300A687AE /* pluginprocessor.h in Headers */ = {isa = PBXBuildFile; fileRef = F6AE23942605062300A687AE /* pluginprocessor.h */; };
		F6AE23C62605062300A687AE /* viewport.h in Headers */ = {isa = PBXBuildFile; fileRef = F6AE23952605062300A687AE /* viewport.h */; };
		F6AE23C72605062300A687AE /* osc_helper.h in Headers */ = {isa = PBXBuildFile; fileRef = F6AE23962605062300A687AE /* osc_helper.h */; };
		F6AE23C92605062300A687AE /* jackiowav.h in Headers */ = {isa = PBXBuildFile; fileRef = F6AE23982605062300A687AE /* jackiowav.h */; };
		F6AE23CA2605062300A687AE /* acousticmodel.h in Headers */ = {isa = PBXBuildFile; fileRef = F6AE23992605062300A687AE /* acousticmodel.h */; };
		F6AE23CB2605062300A687AE /* amb33defs.h in Headers */ = {isa = PBXBuildFile; fileRef = F6AE239A2605062300A687AE /* amb33defs.h */; };
		F6AE23CC2605062300A687AE /* serialport.h in Headers */ = {isa = PBXBuildFile; fileRef = F6AE239B2605062300A687AE /* serialport.h */; };
		F6AE23CD2605062300A687AE /* osc_scene.h in Headers */ = {isa = PBXBuildFile; fileRef = F6AE239C2605062300A687AE /* osc_scene.h */; };
		F6AE23CF2605062300A687AE /* tscconfig.h in Headers */ = {isa = PBXBuildFile; fileRef = F6AE239E2605062300A687AE /* tscconfig.h */; };
		F6AE23D22605062300A687AE /* delayline.h in Headers */ = {isa = PBXBuildFile; fileRef = F6AE23A12605062300A687AE /* delayline.h */; };
		F6AE23D32605062300A687AE /* dynamicobjects.h in Headers */ = {isa = PBXBuildFile; fileRef = F6AE23A22605062300A687AE /* dynamicobjects.h */; };
		F6AE23D42605062300A687AE /* dmxdriver.h in Headers */ = {isa = PBXBuildFile; fileRef = F6AE23A32605062300A687AE /* dmxdriver.h */; };
		F6AE23D52605062300A687AE /* session.h in Headers */ = {isa = PBXBuildFile; fileRef = F6AE23A42605062300A687AE /* session.h */; };
		F6AE23D62605062300A687AE /* tascarplugin.h in Headers */ = {isa = PBXBuildFile; fileRef = F6AE23A52605062300A687AE /* tascarplugin.h */; };
		F6AE23D72605062300A687AE /* irrender.h in Headers */ = {isa = PBXBuildFile; fileRef = F6AE23A62605062300A687AE /* irrender.h */; };
		F6AE23D82605062300A687AE /* spectrum.h in Headers */ = {isa = PBXBuildFile; fileRef = F6AE23A72605062300A687AE /* spectrum.h */; };
		F6AE23D92605062300A687AE /* audiostates.h in Headers */ = {isa = PBXBuildFile; fileRef = F6AE23A82605062300A687AE /* audiostates.h */; };
		F6AE23DA2605062300A687AE /* stft.h in Headers */ = {isa = PBXBuildFile; fileRef = F6AE23A92605062300A687AE /* stft.h */; };
		F6AE23DB2605062300A687AE /* tascarver.h in Headers */ = {isa = PBXBuildFile; fileRef = F6AE23AA2605062300A687AE /* tascarver.h */; };
		F6AE23DC2605062300A687AE /* errorhandling.h in Headers */ = {isa = PBXBuildFile; fileRef = F6AE23AB2605062300A687AE /* errorhandling.h */; };
		F6AE23DD2605062300A687AE /* session_reader.h in Headers */ = {isa = PBXBuildFile; fileRef = F6AE23AC2605062300A687AE /* session_reader.h */; };
		F6AE23DE2605062300A687AE /* jackclient.h in Headers */ = {isa = PBXBuildFile; fileRef = F6AE23AD2605062300A687AE /* jackclient.h */; };
		F6AE23DF2605062300A687AE /* serviceclass.h in Headers */ = {isa = PBXBuildFile; fileRef = F6AE23AE2605062300A687AE /* serviceclass.h */; };
		F6AE23E02605062300A687AE /* receivermod.h in Headers */ = {isa = PBXBuildFile; fileRef = F6AE23AF2605062300A687AE /* receivermod.h */; };
		F6AE23E12605062300A687AE /* ringbuffer.h in Headers */ = {isa = PBXBuildFile; fileRef = F6AE23B02605062300A687AE /* ringbuffer.h */; };
		F6AE23E22605062300A687AE /* render.h in Headers */ = {isa = PBXBuildFile; fileRef = F6AE23B12605062300A687AE /* render.h */; };
		F6AE23E32605062300A687AE /* scene.h in Headers */ = {isa = PBXBuildFile; fileRef = F6AE23B22605062300A687AE /* scene.h */; };
		F6AE23E42605062300A687AE /* ola.h in Headers */ = {isa = PBXBuildFile; fileRef = F6AE23B32605062300A687AE /* ola.h */; };
		F6AE23E526050C2E00A687AE /* libsndfile.a in Frameworks */ = {isa = PBXBuildFile; fileRef = F6AE209C2604B40200A687AE /* libsndfile.a */; };
		F6AE247F26050CBF00A687AE /* receivermod_ortf.cc in Sources */ = {isa = PBXBuildFile; fileRef = F6AE23FD26050C8900A687AE /* receivermod_ortf.cc */; };
		F6AE249526050E2400A687AE /* libtascar.dylib in Frameworks */ = {isa = PBXBuildFile; fileRef = F6AC32B52604AE9F00C56849 /* libtascar.dylib */; };
/* End PBXBuildFile section */

/* Begin PBXCopyFilesBuildPhase section */
		F6AE20F92604F07300A687AE /* Embed Libraries */ = {
			isa = PBXCopyFilesBuildPhase;
			buildActionMask = 2147483647;
			dstPath = "";
			dstSubfolderSpec = 10;
			files = (
				F6AE21042604F16E00A687AE /* liblo.7.dylib in Embed Libraries */,
				F6AE20F82604F07300A687AE /* libjack.0.dylib in Embed Libraries */,
			);
			name = "Embed Libraries";
			runOnlyForDeploymentPostprocessing = 0;
		};
/* End PBXCopyFilesBuildPhase section */

/* Begin PBXFileReference section */
		F6AC32B52604AE9F00C56849 /* libtascar.dylib */ = {isa = PBXFileReference; explicitFileType = "compiled.mach-o.dylib"; includeInIndex = 0; path = libtascar.dylib; sourceTree = BUILT_PRODUCTS_DIR; };
		F6AE209C2604B40200A687AE /* libsndfile.a */ = {isa = PBXFileReference; lastKnownFileType = archive.ar; name = libsndfile.a; path = ../../../../../../usr/local/Cellar/libsndfile/1.0.31/lib/libsndfile.a; sourceTree = "<group>"; };
		F6AE20A12604B4BB00A687AE /* sndfile.hh */ = {isa = PBXFileReference; lastKnownFileType = sourcecode.cpp.h; path = sndfile.hh; sourceTree = "<group>"; };
		F6AE20A22604B4BB00A687AE /* sndfile.h */ = {isa = PBXFileReference; lastKnownFileType = sourcecode.c.h; path = sndfile.h; sourceTree = "<group>"; };
		F6AE20D32604D32500A687AE /* libsystem_asl.tbd */ = {isa = PBXFileReference; lastKnownFileType = "sourcecode.text-based-dylib-definition"; name = libsystem_asl.tbd; path = usr/lib/system/libsystem_asl.tbd; sourceTree = SDKROOT; };
		F6AE20F62604F07300A687AE /* libjack.0.dylib */ = {isa = PBXFileReference; lastKnownFileType = "compiled.mach-o.dylib"; name = libjack.0.dylib; path = ../../../../../../usr/local/lib/libjack.0.dylib; sourceTree = "<group>"; };
		F6AE20FA2604F08D00A687AE /* libsamplerate.a */ = {isa = PBXFileReference; lastKnownFileType = archive.ar; name = libsamplerate.a; path = ../../../../../../usr/local/Cellar/libsamplerate/0.1.9_1/lib/libsamplerate.a; sourceTree = "<group>"; };
		F6AE20FC2604F0D600A687AE /* libxerces-c.a */ = {isa = PBXFileReference; lastKnownFileType = archive.ar; name = "libxerces-c.a"; path = "../../../../../../usr/local/Cellar/xerces-c/3.2.3/lib/libxerces-c.a"; sourceTree = "<group>"; };
		F6AE20FE2604F10E00A687AE /* libfftw3.a */ = {isa = PBXFileReference; lastKnownFileType = archive.ar; name = libfftw3.a; path = ../../../../../../usr/local/Cellar/fftw/3.3.9/lib/libfftw3.a; sourceTree = "<group>"; };
		F6AE21002604F13700A687AE /* libgsl.a */ = {isa = PBXFileReference; lastKnownFileType = archive.ar; name = libgsl.a; path = ../../../../../../usr/local/Cellar/gsl/2.6/lib/libgsl.a; sourceTree = "<group>"; };
		F6AE21022604F16E00A687AE /* liblo.7.dylib */ = {isa = PBXFileReference; lastKnownFileType = "compiled.mach-o.dylib"; name = liblo.7.dylib; path = ../../../../../../usr/local/Cellar/liblo/0.31/lib/liblo.7.dylib; sourceTree = "<group>"; };
		F6AE21052604F18F00A687AE /* libfftw3f.a */ = {isa = PBXFileReference; lastKnownFileType = archive.ar; name = libfftw3f.a; path = ../../../../../../usr/local/Cellar/fftw/3.3.9/lib/libfftw3f.a; sourceTree = "<group>"; };
		F6AE21E42605020800A687AE /* libsndfile.1.dylib */ = {isa = PBXFileReference; lastKnownFileType = "compiled.mach-o.dylib"; name = libsndfile.1.dylib; path = ../../../../../../usr/local/Cellar/libsndfile/1.0.31/lib/libsndfile.1.dylib; sourceTree = "<group>"; };
		F6AE22ED2605061D00A687AE /* sampler.cc */ = {isa = PBXFileReference; fileEncoding = 4; lastKnownFileType = sourcecode.cpp.cpp; path = sampler.cc; sourceTree = "<group>"; };
		F6AE22EE2605061D00A687AE /* errorhandling.cc */ = {isa = PBXFileReference; fileEncoding = 4; lastKnownFileType = sourcecode.cpp.cpp; path = errorhandling.cc; sourceTree = "<group>"; };
		F6AE22EF2605061D00A687AE /* fft.cc */ = {isa = PBXFileReference; fileEncoding = 4; lastKnownFileType = sourcecode.cpp.cpp; path = fft.cc; sourceTree = "<group>"; };
		F6AE22F02605061D00A687AE /* audioplugin.cc */ = {isa = PBXFileReference; fileEncoding = 4; lastKnownFileType = sourcecode.cpp.cpp; path = audioplugin.cc; sourceTree = "<group>"; };
		F6AE22F22605061D00A687AE /* async_file.cc */ = {isa = PBXFileReference; fileEncoding = 4; lastKnownFileType = sourcecode.cpp.cpp; path = async_file.cc; sourceTree = "<group>"; };
		F6AE22F42605061D00A687AE /* irrender.cc */ = {isa = PBXFileReference; fileEncoding = 4; lastKnownFileType = sourcecode.cpp.cpp; path = irrender.cc; sourceTree = "<group>"; };
		F6AE22F52605061D00A687AE /* speakerarray.cc */ = {isa = PBXFileReference; fileEncoding = 4; lastKnownFileType = sourcecode.cpp.cpp; path = speakerarray.cc; sourceTree = "<group>"; };
		F6AE22F62605061D00A687AE /* coordinates.cc */ = {isa = PBXFileReference; fileEncoding = 4; lastKnownFileType = sourcecode.cpp.cpp; path = coordinates.cc; sourceTree = "<group>"; };
		F6AE22FB2605061D00A687AE /* vbap3d.cc */ = {isa = PBXFileReference; fileEncoding = 4; lastKnownFileType = sourcecode.cpp.cpp; path = vbap3d.cc; sourceTree = "<group>"; };
		F6AE22FD2605061D00A687AE /* spectrum.cc */ = {isa = PBXFileReference; fileEncoding = 4; lastKnownFileType = sourcecode.cpp.cpp; path = spectrum.cc; sourceTree = "<group>"; };
		F6AE22FE2605061D00A687AE /* jackiowav.cc */ = {isa = PBXFileReference; fileEncoding = 4; lastKnownFileType = sourcecode.cpp.cpp; path = jackiowav.cc; sourceTree = "<group>"; };
		F6AE23002605061D00A687AE /* receivermod.cc */ = {isa = PBXFileReference; fileEncoding = 4; lastKnownFileType = sourcecode.cpp.cpp; path = receivermod.cc; sourceTree = "<group>"; };
		F6AE23022605061D00A687AE /* sourcemod.cc */ = {isa = PBXFileReference; fileEncoding = 4; lastKnownFileType = sourcecode.cpp.cpp; path = sourcemod.cc; sourceTree = "<group>"; };
		F6AE23032605061D00A687AE /* delayline.cc */ = {isa = PBXFileReference; fileEncoding = 4; lastKnownFileType = sourcecode.cpp.cpp; path = delayline.cc; sourceTree = "<group>"; };
		F6AE23042605061D00A687AE /* licensehandler.cc */ = {isa = PBXFileReference; fileEncoding = 4; lastKnownFileType = sourcecode.cpp.cpp; path = licensehandler.cc; sourceTree = "<group>"; };
		F6AE23052605061D00A687AE /* viewport.cc */ = {isa = PBXFileReference; fileEncoding = 4; lastKnownFileType = sourcecode.cpp.cpp; path = viewport.cc; sourceTree = "<group>"; };
		F6AE23062605061D00A687AE /* stft.cc */ = {isa = PBXFileReference; fileEncoding = 4; lastKnownFileType = sourcecode.cpp.cpp; path = stft.cc; sourceTree = "<group>"; };
		F6AE23072605061D00A687AE /* audiochunks.cc */ = {isa = PBXFileReference; fileEncoding = 4; lastKnownFileType = sourcecode.cpp.cpp; path = audiochunks.cc; sourceTree = "<group>"; };
		F6AE23082605061D00A687AE /* session_reader.cc */ = {isa = PBXFileReference; fileEncoding = 4; lastKnownFileType = sourcecode.cpp.cpp; path = session_reader.cc; sourceTree = "<group>"; };
		F6AE23092605061D00A687AE /* dynamicobjects.cc */ = {isa = PBXFileReference; fileEncoding = 4; lastKnownFileType = sourcecode.cpp.cpp; path = dynamicobjects.cc; sourceTree = "<group>"; };
		F6AE230D2605061D00A687AE /* audiostates.cc */ = {isa = PBXFileReference; fileEncoding = 4; lastKnownFileType = sourcecode.cpp.cpp; path = audiostates.cc; sourceTree = "<group>"; };
		F6AE230F2605061D00A687AE /* osc_helper.cc */ = {isa = PBXFileReference; fileEncoding = 4; lastKnownFileType = sourcecode.cpp.cpp; path = osc_helper.cc; sourceTree = "<group>"; };
		F6AE23102605061D00A687AE /* jackclient.cc */ = {isa = PBXFileReference; fileEncoding = 4; lastKnownFileType = sourcecode.cpp.cpp; path = jackclient.cc; sourceTree = "<group>"; };
		F6AE23272605061D00A687AE /* serviceclass.cc */ = {isa = PBXFileReference; fileEncoding = 4; lastKnownFileType = sourcecode.cpp.cpp; path = serviceclass.cc; sourceTree = "<group>"; };
		F6AE23292605061D00A687AE /* session.cc */ = {isa = PBXFileReference; fileEncoding = 4; lastKnownFileType = sourcecode.cpp.cpp; path = session.cc; sourceTree = "<group>"; };
		F6AE232A2605061D00A687AE /* hoa.cc */ = {isa = PBXFileReference; fileEncoding = 4; lastKnownFileType = sourcecode.cpp.cpp; path = hoa.cc; sourceTree = "<group>"; };
		F6AE232B2605061D00A687AE /* scene.cc */ = {isa = PBXFileReference; fileEncoding = 4; lastKnownFileType = sourcecode.cpp.cpp; path = scene.cc; sourceTree = "<group>"; };
		F6AE232D2605061D00A687AE /* ola.cc */ = {isa = PBXFileReference; fileEncoding = 4; lastKnownFileType = sourcecode.cpp.cpp; path = ola.cc; sourceTree = "<group>"; };
		F6AE232E2605061D00A687AE /* ringbuffer.cc */ = {isa = PBXFileReference; fileEncoding = 4; lastKnownFileType = sourcecode.cpp.cpp; path = ringbuffer.cc; sourceTree = "<group>"; };
		F6AE232F2605061D00A687AE /* acousticmodel.cc */ = {isa = PBXFileReference; fileEncoding = 4; lastKnownFileType = sourcecode.cpp.cpp; path = acousticmodel.cc; sourceTree = "<group>"; };
		F6AE23302605061D00A687AE /* levelmeter.cc */ = {isa = PBXFileReference; fileEncoding = 4; lastKnownFileType = sourcecode.cpp.cpp; path = levelmeter.cc; sourceTree = "<group>"; };
		F6AE23322605061D00A687AE /* LICENSE */ = {isa = PBXFileReference; fileEncoding = 4; lastKnownFileType = text; path = LICENSE; sourceTree = "<group>"; };
		F6AE23332605061D00A687AE /* convhull_3d.h */ = {isa = PBXFileReference; fileEncoding = 4; lastKnownFileType = sourcecode.c.h; path = convhull_3d.h; sourceTree = "<group>"; };
		F6AE23342605061D00A687AE /* README.md */ = {isa = PBXFileReference; fileEncoding = 4; lastKnownFileType = net.daringfireball.markdown; path = README.md; sourceTree = "<group>"; };
		F6AE23352605061D00A687AE /* osc_scene.cc */ = {isa = PBXFileReference; fileEncoding = 4; lastKnownFileType = sourcecode.cpp.cpp; path = osc_scene.cc; sourceTree = "<group>"; };
		F6AE23362605061D00A687AE /* pluginprocessor.cc */ = {isa = PBXFileReference; fileEncoding = 4; lastKnownFileType = sourcecode.cpp.cpp; path = pluginprocessor.cc; sourceTree = "<group>"; };
		F6AE23372605061D00A687AE /* render.cc */ = {isa = PBXFileReference; fileEncoding = 4; lastKnownFileType = sourcecode.cpp.cpp; path = render.cc; sourceTree = "<group>"; };
		F6AE23382605061D00A687AE /* tscconfig.cc */ = {isa = PBXFileReference; fileEncoding = 4; lastKnownFileType = sourcecode.cpp.cpp; path = tscconfig.cc; sourceTree = "<group>"; };
		F6AE23392605061D00A687AE /* filterclass.cc */ = {isa = PBXFileReference; fileEncoding = 4; lastKnownFileType = sourcecode.cpp.cpp; path = filterclass.cc; sourceTree = "<group>"; };
		F6AE233B2605061D00A687AE /* jackrender.cc */ = {isa = PBXFileReference; fileEncoding = 4; lastKnownFileType = sourcecode.cpp.cpp; path = jackrender.cc; sourceTree = "<group>"; };
		F6AE23832605062300A687AE /* fft.h */ = {isa = PBXFileReference; fileEncoding = 4; lastKnownFileType = sourcecode.c.h; path = fft.h; sourceTree = "<group>"; };
		F6AE23842605062300A687AE /* vbap3d.h */ = {isa = PBXFileReference; fileEncoding = 4; lastKnownFileType = sourcecode.c.h; path = vbap3d.h; sourceTree = "<group>"; };
		F6AE23852605062300A687AE /* async_file.h */ = {isa = PBXFileReference; fileEncoding = 4; lastKnownFileType = sourcecode.c.h; path = async_file.h; sourceTree = "<group>"; };
		F6AE23862605062300A687AE /* defs.h */ = {isa = PBXFileReference; fileEncoding = 4; lastKnownFileType = sourcecode.c.h; path = defs.h; sourceTree = "<group>"; };
		F6AE23872605062300A687AE /* sourcemod.h */ = {isa = PBXFileReference; fileEncoding = 4; lastKnownFileType = sourcecode.c.h; path = sourcemod.h; sourceTree = "<group>"; };
		F6AE23892605062300A687AE /* speakerarray.h */ = {isa = PBXFileReference; fileEncoding = 4; lastKnownFileType = sourcecode.c.h; path = speakerarray.h; sourceTree = "<group>"; };
		F6AE238A2605062300A687AE /* licensehandler.h */ = {isa = PBXFileReference; fileEncoding = 4; lastKnownFileType = sourcecode.c.h; path = licensehandler.h; sourceTree = "<group>"; };
		F6AE238B2605062300A687AE /* audiochunks.h */ = {isa = PBXFileReference; fileEncoding = 4; lastKnownFileType = sourcecode.c.h; path = audiochunks.h; sourceTree = "<group>"; };
		F6AE238C2605062300A687AE /* tascar.h */ = {isa = PBXFileReference; fileEncoding = 4; lastKnownFileType = sourcecode.c.h; path = tascar.h; sourceTree = "<group>"; };
		F6AE238D2605062300A687AE /* levelmeter.h */ = {isa = PBXFileReference; fileEncoding = 4; lastKnownFileType = sourcecode.c.h; path = levelmeter.h; sourceTree = "<group>"; };
		F6AE238E2605062300A687AE /* filterclass.h */ = {isa = PBXFileReference; fileEncoding = 4; lastKnownFileType = sourcecode.c.h; path = filterclass.h; sourceTree = "<group>"; };
		F6AE238F2605062300A687AE /* jackrender.h */ = {isa = PBXFileReference; fileEncoding = 4; lastKnownFileType = sourcecode.c.h; path = jackrender.h; sourceTree = "<group>"; };
		F6AE23902605062300A687AE /* audioplugin.h */ = {isa = PBXFileReference; fileEncoding = 4; lastKnownFileType = sourcecode.c.h; path = audioplugin.h; sourceTree = "<group>"; };
		F6AE23912605062300A687AE /* hoa.h */ = {isa = PBXFileReference; fileEncoding = 4; lastKnownFileType = sourcecode.c.h; path = hoa.h; sourceTree = "<group>"; };
		F6AE23922605062300A687AE /* sampler.h */ = {isa = PBXFileReference; fileEncoding = 4; lastKnownFileType = sourcecode.c.h; path = sampler.h; sourceTree = "<group>"; };
		F6AE23932605062300A687AE /* coordinates.h */ = {isa = PBXFileReference; fileEncoding = 4; lastKnownFileType = sourcecode.c.h; path = coordinates.h; sourceTree = "<group>"; };
		F6AE23942605062300A687AE /* pluginprocessor.h */ = {isa = PBXFileReference; fileEncoding = 4; lastKnownFileType = sourcecode.c.h; path = pluginprocessor.h; sourceTree = "<group>"; };
		F6AE23952605062300A687AE /* viewport.h */ = {isa = PBXFileReference; fileEncoding = 4; lastKnownFileType = sourcecode.c.h; path = viewport.h; sourceTree = "<group>"; };
		F6AE23962605062300A687AE /* osc_helper.h */ = {isa = PBXFileReference; fileEncoding = 4; lastKnownFileType = sourcecode.c.h; path = osc_helper.h; sourceTree = "<group>"; };
		F6AE23982605062300A687AE /* jackiowav.h */ = {isa = PBXFileReference; fileEncoding = 4; lastKnownFileType = sourcecode.c.h; path = jackiowav.h; sourceTree = "<group>"; };
		F6AE23992605062300A687AE /* acousticmodel.h */ = {isa = PBXFileReference; fileEncoding = 4; lastKnownFileType = sourcecode.c.h; path = acousticmodel.h; sourceTree = "<group>"; };
		F6AE239A2605062300A687AE /* amb33defs.h */ = {isa = PBXFileReference; fileEncoding = 4; lastKnownFileType = sourcecode.c.h; path = amb33defs.h; sourceTree = "<group>"; };
		F6AE239B2605062300A687AE /* serialport.h */ = {isa = PBXFileReference; fileEncoding = 4; lastKnownFileType = sourcecode.c.h; path = serialport.h; sourceTree = "<group>"; };
		F6AE239C2605062300A687AE /* osc_scene.h */ = {isa = PBXFileReference; fileEncoding = 4; lastKnownFileType = sourcecode.c.h; path = osc_scene.h; sourceTree = "<group>"; };
		F6AE239E2605062300A687AE /* tscconfig.h */ = {isa = PBXFileReference; fileEncoding = 4; lastKnownFileType = sourcecode.c.h; path = tscconfig.h; sourceTree = "<group>"; };
		F6AE23A12605062300A687AE /* delayline.h */ = {isa = PBXFileReference; fileEncoding = 4; lastKnownFileType = sourcecode.c.h; path = delayline.h; sourceTree = "<group>"; };
		F6AE23A22605062300A687AE /* dynamicobjects.h */ = {isa = PBXFileReference; fileEncoding = 4; lastKnownFileType = sourcecode.c.h; path = dynamicobjects.h; sourceTree = "<group>"; };
		F6AE23A32605062300A687AE /* dmxdriver.h */ = {isa = PBXFileReference; fileEncoding = 4; lastKnownFileType = sourcecode.c.h; path = dmxdriver.h; sourceTree = "<group>"; };
		F6AE23A42605062300A687AE /* session.h */ = {isa = PBXFileReference; fileEncoding = 4; lastKnownFileType = sourcecode.c.h; path = session.h; sourceTree = "<group>"; };
		F6AE23A52605062300A687AE /* tascarplugin.h */ = {isa = PBXFileReference; fileEncoding = 4; lastKnownFileType = sourcecode.c.h; path = tascarplugin.h; sourceTree = "<group>"; };
		F6AE23A62605062300A687AE /* irrender.h */ = {isa = PBXFileReference; fileEncoding = 4; lastKnownFileType = sourcecode.c.h; path = irrender.h; sourceTree = "<group>"; };
		F6AE23A72605062300A687AE /* spectrum.h */ = {isa = PBXFileReference; fileEncoding = 4; lastKnownFileType = sourcecode.c.h; path = spectrum.h; sourceTree = "<group>"; };
		F6AE23A82605062300A687AE /* audiostates.h */ = {isa = PBXFileReference; fileEncoding = 4; lastKnownFileType = sourcecode.c.h; path = audiostates.h; sourceTree = "<group>"; };
		F6AE23A92605062300A687AE /* stft.h */ = {isa = PBXFileReference; fileEncoding = 4; lastKnownFileType = sourcecode.c.h; path = stft.h; sourceTree = "<group>"; };
		F6AE23AA2605062300A687AE /* tascarver.h */ = {isa = PBXFileReference; fileEncoding = 4; lastKnownFileType = sourcecode.c.h; path = tascarver.h; sourceTree = "<group>"; };
		F6AE23AB2605062300A687AE /* errorhandling.h */ = {isa = PBXFileReference; fileEncoding = 4; lastKnownFileType = sourcecode.c.h; path = errorhandling.h; sourceTree = "<group>"; };
		F6AE23AC2605062300A687AE /* session_reader.h */ = {isa = PBXFileReference; fileEncoding = 4; lastKnownFileType = sourcecode.c.h; path = session_reader.h; sourceTree = "<group>"; };
		F6AE23AD2605062300A687AE /* jackclient.h */ = {isa = PBXFileReference; fileEncoding = 4; lastKnownFileType = sourcecode.c.h; path = jackclient.h; sourceTree = "<group>"; };
		F6AE23AE2605062300A687AE /* serviceclass.h */ = {isa = PBXFileReference; fileEncoding = 4; lastKnownFileType = sourcecode.c.h; path = serviceclass.h; sourceTree = "<group>"; };
		F6AE23AF2605062300A687AE /* receivermod.h */ = {isa = PBXFileReference; fileEncoding = 4; lastKnownFileType = sourcecode.c.h; path = receivermod.h; sourceTree = "<group>"; };
		F6AE23B02605062300A687AE /* ringbuffer.h */ = {isa = PBXFileReference; fileEncoding = 4; lastKnownFileType = sourcecode.c.h; path = ringbuffer.h; sourceTree = "<group>"; };
		F6AE23B12605062300A687AE /* render.h */ = {isa = PBXFileReference; fileEncoding = 4; lastKnownFileType = sourcecode.c.h; path = render.h; sourceTree = "<group>"; };
		F6AE23B22605062300A687AE /* scene.h */ = {isa = PBXFileReference; fileEncoding = 4; lastKnownFileType = sourcecode.c.h; path = scene.h; sourceTree = "<group>"; };
		F6AE23B32605062300A687AE /* ola.h */ = {isa = PBXFileReference; fileEncoding = 4; lastKnownFileType = sourcecode.c.h; path = ola.h; sourceTree = "<group>"; };
		F6AE23EA26050C6200A687AE /* libreceivermod_ortf.dylib */ = {isa = PBXFileReference; explicitFileType = "compiled.mach-o.dylib"; includeInIndex = 0; path = libreceivermod_ortf.dylib; sourceTree = BUILT_PRODUCTS_DIR; };
		F6AE23F826050C8900A687AE /* tascarmod_lightctl.cc */ = {isa = PBXFileReference; lastKnownFileType = sourcecode.cpp.cpp; name = tascarmod_lightctl.cc; path = plugins/src/tascarmod_lightctl.cc; sourceTree = "<group>"; };
		F6AE23F926050C8900A687AE /* tascarmod_geopresets.cc */ = {isa = PBXFileReference; lastKnownFileType = sourcecode.cpp.cpp; name = tascarmod_geopresets.cc; path = plugins/src/tascarmod_geopresets.cc; sourceTree = "<group>"; };
		F6AE23FA26050C8900A687AE /* receivermod_nsp.cc */ = {isa = PBXFileReference; lastKnownFileType = sourcecode.cpp.cpp; name = receivermod_nsp.cc; path = plugins/src/receivermod_nsp.cc; sourceTree = "<group>"; };
		F6AE23FB26050C8900A687AE /* tascarmod_dummy.cc */ = {isa = PBXFileReference; lastKnownFileType = sourcecode.cpp.cpp; name = tascarmod_dummy.cc; path = plugins/src/tascarmod_dummy.cc; sourceTree = "<group>"; };
		F6AE23FC26050C8900A687AE /* tascar_ap_gate.cc */ = {isa = PBXFileReference; lastKnownFileType = sourcecode.cpp.cpp; name = tascar_ap_gate.cc; path = plugins/src/tascar_ap_gate.cc; sourceTree = "<group>"; };
		F6AE23FD26050C8900A687AE /* receivermod_ortf.cc */ = {isa = PBXFileReference; lastKnownFileType = sourcecode.cpp.cpp; name = receivermod_ortf.cc; path = plugins/src/receivermod_ortf.cc; sourceTree = "<group>"; };
		F6AE23FE26050C8900A687AE /* tascar_ap_pulse.cc */ = {isa = PBXFileReference; lastKnownFileType = sourcecode.cpp.cpp; name = tascar_ap_pulse.cc; path = plugins/src/tascar_ap_pulse.cc; sourceTree = "<group>"; };
		F6AE23FF26050C8900A687AE /* tascarmod_granularsynth.cc */ = {isa = PBXFileReference; lastKnownFileType = sourcecode.cpp.cpp; name = tascarmod_granularsynth.cc; path = plugins/src/tascarmod_granularsynth.cc; sourceTree = "<group>"; };
		F6AE240026050C8900A687AE /* tascarmod_qualisystracker.cc */ = {isa = PBXFileReference; lastKnownFileType = sourcecode.cpp.cpp; name = tascarmod_qualisystracker.cc; path = plugins/src/tascarmod_qualisystracker.cc; sourceTree = "<group>"; };
		F6AE240126050C8900A687AE /* tascar_ap_pos2osc.cc */ = {isa = PBXFileReference; lastKnownFileType = sourcecode.cpp.cpp; name = tascar_ap_pos2osc.cc; path = plugins/src/tascar_ap_pos2osc.cc; sourceTree = "<group>"; };
		F6AE240226050C8900A687AE /* tascarmod_pos2osc.cc */ = {isa = PBXFileReference; lastKnownFileType = sourcecode.cpp.cpp; name = tascarmod_pos2osc.cc; path = plugins/src/tascarmod_pos2osc.cc; sourceTree = "<group>"; };
		F6AE240326050C8900A687AE /* tascarmod_hoafdnrot.cc */ = {isa = PBXFileReference; lastKnownFileType = sourcecode.cpp.cpp; name = tascarmod_hoafdnrot.cc; path = plugins/src/tascarmod_hoafdnrot.cc; sourceTree = "<group>"; };
		F6AE240426050C8900A687AE /* receivermod_fakebf.cc */ = {isa = PBXFileReference; lastKnownFileType = sourcecode.cpp.cpp; name = receivermod_fakebf.cc; path = plugins/src/receivermod_fakebf.cc; sourceTree = "<group>"; };
		F6AE240526050C8900A687AE /* tascarmod_opendmxusb.cc */ = {isa = PBXFileReference; lastKnownFileType = sourcecode.cpp.cpp; name = tascarmod_opendmxusb.cc; path = plugins/src/tascarmod_opendmxusb.cc; sourceTree = "<group>"; };
		F6AE240626050C8900A687AE /* receivermod_hann.cc */ = {isa = PBXFileReference; lastKnownFileType = sourcecode.cpp.cpp; name = receivermod_hann.cc; path = plugins/src/receivermod_hann.cc; sourceTree = "<group>"; };
		F6AE240726050C8900A687AE /* tascar_ap_dummy.cc */ = {isa = PBXFileReference; lastKnownFileType = sourcecode.cpp.cpp; name = tascar_ap_dummy.cc; path = plugins/src/tascar_ap_dummy.cc; sourceTree = "<group>"; };
		F6AE240826050C8900A687AE /* tascarmod_joystick.cc */ = {isa = PBXFileReference; lastKnownFileType = sourcecode.cpp.cpp; name = tascarmod_joystick.cc; path = plugins/src/tascarmod_joystick.cc; sourceTree = "<group>"; };
		F6AE240926050C8900A687AE /* tascarmod_levels2osc.cc */ = {isa = PBXFileReference; lastKnownFileType = sourcecode.cpp.cpp; name = tascarmod_levels2osc.cc; path = plugins/src/tascarmod_levels2osc.cc; sourceTree = "<group>"; };
		F6AE240A26050C8900A687AE /* receivermod_hoa2d.cc */ = {isa = PBXFileReference; lastKnownFileType = sourcecode.cpp.cpp; name = receivermod_hoa2d.cc; path = plugins/src/receivermod_hoa2d.cc; sourceTree = "<group>"; };
		F6AE240B26050C8900A687AE /* receivermod_omni.cc */ = {isa = PBXFileReference; lastKnownFileType = sourcecode.cpp.cpp; name = receivermod_omni.cc; path = plugins/src/receivermod_omni.cc; sourceTree = "<group>"; };
		F6AE240C26050C8900A687AE /* transportgui.glade */ = {isa = PBXFileReference; lastKnownFileType = text.xml; name = transportgui.glade; path = plugins/src/transportgui.glade; sourceTree = "<group>"; };
		F6AE240D26050C8900A687AE /* tascarmod_simplecontroller.cc */ = {isa = PBXFileReference; lastKnownFileType = sourcecode.cpp.cpp; name = tascarmod_simplecontroller.cc; path = plugins/src/tascarmod_simplecontroller.cc; sourceTree = "<group>"; };
		F6AE240E26050C8900A687AE /* tascar_ap_dumplevels.cc */ = {isa = PBXFileReference; lastKnownFileType = sourcecode.cpp.cpp; name = tascar_ap_dumplevels.cc; path = plugins/src/tascar_ap_dumplevels.cc; sourceTree = "<group>"; };
		F6AE240F26050C8900A687AE /* tascar_ap_speechactivity.cc */ = {isa = PBXFileReference; lastKnownFileType = sourcecode.cpp.cpp; name = tascar_ap_speechactivity.cc; path = plugins/src/tascar_ap_speechactivity.cc; sourceTree = "<group>"; };
		F6AE241026050C8900A687AE /* receivermod_vbap3d.cc */ = {isa = PBXFileReference; lastKnownFileType = sourcecode.cpp.cpp; name = receivermod_vbap3d.cc; path = plugins/src/receivermod_vbap3d.cc; sourceTree = "<group>"; };
		F6AE241126050C8900A687AE /* receivermod_amb3h0v.cc */ = {isa = PBXFileReference; lastKnownFileType = sourcecode.cpp.cpp; name = receivermod_amb3h0v.cc; path = plugins/src/receivermod_amb3h0v.cc; sourceTree = "<group>"; };
		F6AE241226050C8900A687AE /* glabsensor_espheadtracker.cc */ = {isa = PBXFileReference; lastKnownFileType = sourcecode.cpp.cpp; name = glabsensor_espheadtracker.cc; path = plugins/src/glabsensor_espheadtracker.cc; sourceTree = "<group>"; };
		F6AE241326050C8A00A687AE /* tascarmod_fence.cc */ = {isa = PBXFileReference; lastKnownFileType = sourcecode.cpp.cpp; name = tascarmod_fence.cc; path = plugins/src/tascarmod_fence.cc; sourceTree = "<group>"; };
		F6AE241426050C8A00A687AE /* glabsensor_serial.cc */ = {isa = PBXFileReference; lastKnownFileType = sourcecode.cpp.cpp; name = glabsensor_serial.cc; path = plugins/src/glabsensor_serial.cc; sourceTree = "<group>"; };
		F6AE241526050C8A00A687AE /* receivermod_vbap.cc */ = {isa = PBXFileReference; lastKnownFileType = sourcecode.cpp.cpp; name = receivermod_vbap.cc; path = plugins/src/receivermod_vbap.cc; sourceTree = "<group>"; };
		F6AE241626050C8A00A687AE /* tascarmod_oscserver.cc */ = {isa = PBXFileReference; lastKnownFileType = sourcecode.cpp.cpp; name = tascarmod_oscserver.cc; path = plugins/src/tascarmod_oscserver.cc; sourceTree = "<group>"; };
		F6AE241726050C8A00A687AE /* glabsensor_jackstatus.cc */ = {isa = PBXFileReference; lastKnownFileType = sourcecode.cpp.cpp; name = glabsensor_jackstatus.cc; path = plugins/src/glabsensor_jackstatus.cc; sourceTree = "<group>"; };
		F6AE241826050C8A00A687AE /* tascar_ap_lookatme.cc */ = {isa = PBXFileReference; lastKnownFileType = sourcecode.cpp.cpp; name = tascar_ap_lookatme.cc; path = plugins/src/tascar_ap_lookatme.cc; sourceTree = "<group>"; };
		F6AE241926050C8A00A687AE /* tascarmod_glabsensors.cc */ = {isa = PBXFileReference; lastKnownFileType = sourcecode.cpp.cpp; name = tascarmod_glabsensors.cc; path = plugins/src/tascarmod_glabsensors.cc; sourceTree = "<group>"; };
		F6AE241A26050C8A00A687AE /* tascarmod_nearsensor.cc */ = {isa = PBXFileReference; lastKnownFileType = sourcecode.cpp.cpp; name = tascarmod_nearsensor.cc; path = plugins/src/tascarmod_nearsensor.cc; sourceTree = "<group>"; };
		F6AE241B26050C8A00A687AE /* receivermod_hoa2d_fuma.cc */ = {isa = PBXFileReference; lastKnownFileType = sourcecode.cpp.cpp; name = receivermod_hoa2d_fuma.cc; path = plugins/src/receivermod_hoa2d_fuma.cc; sourceTree = "<group>"; };
		F6AE241C26050C8A00A687AE /* glabsensorplugin.cc */ = {isa = PBXFileReference; lastKnownFileType = sourcecode.cpp.cpp; name = glabsensorplugin.cc; path = plugins/src/glabsensorplugin.cc; sourceTree = "<group>"; };
		F6AE241D26050C8A00A687AE /* tascar_ap_level2osc.cc */ = {isa = PBXFileReference; lastKnownFileType = sourcecode.cpp.cpp; name = tascar_ap_level2osc.cc; path = plugins/src/tascar_ap_level2osc.cc; sourceTree = "<group>"; };
		F6AE241E26050C8A00A687AE /* tascarmod_pendulum.cc */ = {isa = PBXFileReference; lastKnownFileType = sourcecode.cpp.cpp; name = tascarmod_pendulum.cc; path = plugins/src/tascarmod_pendulum.cc; sourceTree = "<group>"; };
		F6AE241F26050C8A00A687AE /* tascarmod_tracegui.cc */ = {isa = PBXFileReference; lastKnownFileType = sourcecode.cpp.cpp; name = tascarmod_tracegui.cc; path = plugins/src/tascarmod_tracegui.cc; sourceTree = "<group>"; };
		F6AE242026050C8A00A687AE /* tascarmod_waitforjackport.cc */ = {isa = PBXFileReference; lastKnownFileType = sourcecode.cpp.cpp; name = tascarmod_waitforjackport.cc; path = plugins/src/tascarmod_waitforjackport.cc; sourceTree = "<group>"; };
		F6AE242126050C8A00A687AE /* tascarmod_rotator.cc */ = {isa = PBXFileReference; lastKnownFileType = sourcecode.cpp.cpp; name = tascarmod_rotator.cc; path = plugins/src/tascarmod_rotator.cc; sourceTree = "<group>"; };
		F6AE242226050C8A00A687AE /* tascarmod_locationmodulator.cc */ = {isa = PBXFileReference; lastKnownFileType = sourcecode.cpp.cpp; name = tascarmod_locationmodulator.cc; path = plugins/src/tascarmod_locationmodulator.cc; sourceTree = "<group>"; };
		F6AE242326050C8A00A687AE /* tascarmod_sleep.cc */ = {isa = PBXFileReference; lastKnownFileType = sourcecode.cpp.cpp; name = tascarmod_sleep.cc; path = plugins/src/tascarmod_sleep.cc; sourceTree = "<group>"; };
		F6AE242426050C8A00A687AE /* receivermod_hoa3d_enc.cc */ = {isa = PBXFileReference; lastKnownFileType = sourcecode.cpp.cpp; name = receivermod_hoa3d_enc.cc; path = plugins/src/receivermod_hoa3d_enc.cc; sourceTree = "<group>"; };
		F6AE242526050C8A00A687AE /* tascar_ap_sndfile.cc */ = {isa = PBXFileReference; lastKnownFileType = sourcecode.cpp.cpp; name = tascar_ap_sndfile.cc; path = plugins/src/tascar_ap_sndfile.cc; sourceTree = "<group>"; };
		F6AE242626050C8A00A687AE /* glabsensor_emergency.cc */ = {isa = PBXFileReference; lastKnownFileType = sourcecode.cpp.cpp; name = glabsensor_emergency.cc; path = plugins/src/glabsensor_emergency.cc; sourceTree = "<group>"; };
		F6AE242726050C8A00A687AE /* tascarmod_oscrelay.cc */ = {isa = PBXFileReference; lastKnownFileType = sourcecode.cpp.cpp; name = tascarmod_oscrelay.cc; path = plugins/src/tascarmod_oscrelay.cc; sourceTree = "<group>"; };
		F6AE242826050C8A00A687AE /* tascarmod_artnetdmx.cc */ = {isa = PBXFileReference; lastKnownFileType = sourcecode.cpp.cpp; name = tascarmod_artnetdmx.cc; path = plugins/src/tascarmod_artnetdmx.cc; sourceTree = "<group>"; };
		F6AE242926050C8B00A687AE /* tascar_ap_openmha.cc */ = {isa = PBXFileReference; lastKnownFileType = sourcecode.cpp.cpp; name = tascar_ap_openmha.cc; path = plugins/src/tascar_ap_openmha.cc; sourceTree = "<group>"; };
		F6AE242A26050C8B00A687AE /* receivermod_intensityvector.cc */ = {isa = PBXFileReference; lastKnownFileType = sourcecode.cpp.cpp; name = receivermod_intensityvector.cc; path = plugins/src/receivermod_intensityvector.cc; sourceTree = "<group>"; };
		F6AE242B26050C8B00A687AE /* tascarmod_touchosc.cc */ = {isa = PBXFileReference; lastKnownFileType = sourcecode.cpp.cpp; name = tascarmod_touchosc.cc; path = plugins/src/tascarmod_touchosc.cc; sourceTree = "<group>"; };
		F6AE242C26050C8B00A687AE /* simplecontroller.glade */ = {isa = PBXFileReference; lastKnownFileType = text.xml; name = simplecontroller.glade; path = plugins/src/simplecontroller.glade; sourceTree = "<group>"; };
		F6AE242D26050C8B00A687AE /* receivermod_itu51.cc */ = {isa = PBXFileReference; lastKnownFileType = sourcecode.cpp.cpp; name = receivermod_itu51.cc; path = plugins/src/receivermod_itu51.cc; sourceTree = "<group>"; };
		F6AE242E26050C8B00A687AE /* tascarmod_oscjacktime.cc */ = {isa = PBXFileReference; lastKnownFileType = sourcecode.cpp.cpp; name = tascarmod_oscjacktime.cc; path = plugins/src/tascarmod_oscjacktime.cc; sourceTree = "<group>"; };
		F6AE242F26050C8B00A687AE /* linuxtrack.c */ = {isa = PBXFileReference; lastKnownFileType = sourcecode.c.c; name = linuxtrack.c; path = plugins/src/linuxtrack.c; sourceTree = "<group>"; };
		F6AE243026050C8B00A687AE /* glabsensor_smiley.cc */ = {isa = PBXFileReference; lastKnownFileType = sourcecode.cpp.cpp; name = glabsensor_smiley.cc; path = plugins/src/glabsensor_smiley.cc; sourceTree = "<group>"; };
		F6AE243126050C8B00A687AE /* tascarmod_ltcgen.cc */ = {isa = PBXFileReference; lastKnownFileType = sourcecode.cpp.cpp; name = tascarmod_ltcgen.cc; path = plugins/src/tascarmod_ltcgen.cc; sourceTree = "<group>"; };
		F6AE243226050C8B00A687AE /* receivermod_foaconv.cc */ = {isa = PBXFileReference; lastKnownFileType = sourcecode.cpp.cpp; name = receivermod_foaconv.cc; path = plugins/src/receivermod_foaconv.cc; sourceTree = "<group>"; };
		F6AE243326050C8B00A687AE /* tascar_ap_noise.cc */ = {isa = PBXFileReference; lastKnownFileType = sourcecode.cpp.cpp; name = tascar_ap_noise.cc; path = plugins/src/tascar_ap_noise.cc; sourceTree = "<group>"; };
		F6AE243426050C8B00A687AE /* tascarmod_hrirconv.cc */ = {isa = PBXFileReference; lastKnownFileType = sourcecode.cpp.cpp; name = tascarmod_hrirconv.cc; path = plugins/src/tascarmod_hrirconv.cc; sourceTree = "<group>"; };
		F6AE243526050C8B00A687AE /* tascar_ap_lipsync.cc */ = {isa = PBXFileReference; lastKnownFileType = sourcecode.cpp.cpp; name = tascar_ap_lipsync.cc; path = plugins/src/tascar_ap_lipsync.cc; sourceTree = "<group>"; };
		F6AE243626050C8B00A687AE /* tascarsource_generic1storder.cc */ = {isa = PBXFileReference; lastKnownFileType = sourcecode.cpp.cpp; name = tascarsource_generic1storder.cc; path = plugins/src/tascarsource_generic1storder.cc; sourceTree = "<group>"; };
		F6AE243726050C8B00A687AE /* tascarmod_savegains.cc */ = {isa = PBXFileReference; lastKnownFileType = sourcecode.cpp.cpp; name = tascarmod_savegains.cc; path = plugins/src/tascarmod_savegains.cc; sourceTree = "<group>"; };
		F6AE243826050C8B00A687AE /* receivermod_debugpos.cc */ = {isa = PBXFileReference; lastKnownFileType = sourcecode.cpp.cpp; name = receivermod_debugpos.cc; path = plugins/src/receivermod_debugpos.cc; sourceTree = "<group>"; };
		F6AE243926050C8B00A687AE /* tascarmod_locationvelocity.cc */ = {isa = PBXFileReference; lastKnownFileType = sourcecode.cpp.cpp; name = tascarmod_locationvelocity.cc; path = plugins/src/tascarmod_locationvelocity.cc; sourceTree = "<group>"; };
		F6AE243A26050C8B00A687AE /* tascarmod_mpu6050track.cc */ = {isa = PBXFileReference; lastKnownFileType = sourcecode.cpp.cpp; name = tascarmod_mpu6050track.cc; path = plugins/src/tascarmod_mpu6050track.cc; sourceTree = "<group>"; };
		F6AE243B26050C8B00A687AE /* linuxtrack.h */ = {isa = PBXFileReference; lastKnownFileType = sourcecode.c.h; name = linuxtrack.h; path = plugins/src/linuxtrack.h; sourceTree = "<group>"; };
		F6AE243C26050C8B00A687AE /* tascarmod_oscevents.cc */ = {isa = PBXFileReference; lastKnownFileType = sourcecode.cpp.cpp; name = tascarmod_oscevents.cc; path = plugins/src/tascarmod_oscevents.cc; sourceTree = "<group>"; };
		F6AE243D26050C8B00A687AE /* glabsensor_oscthreshold.cc */ = {isa = PBXFileReference; lastKnownFileType = sourcecode.cpp.cpp; name = glabsensor_oscthreshold.cc; path = plugins/src/glabsensor_oscthreshold.cc; sourceTree = "<group>"; };
		F6AE243E26050C8B00A687AE /* tascar_ap_gainramp.cc */ = {isa = PBXFileReference; lastKnownFileType = sourcecode.cpp.cpp; name = tascar_ap_gainramp.cc; path = plugins/src/tascar_ap_gainramp.cc; sourceTree = "<group>"; };
		F6AE243F26050C8B00A687AE /* tascar_ap_spksim.cc */ = {isa = PBXFileReference; lastKnownFileType = sourcecode.cpp.cpp; name = tascar_ap_spksim.cc; path = plugins/src/tascar_ap_spksim.cc; sourceTree = "<group>"; };
		F6AE244026050C8B00A687AE /* receivermod_amb3h3v.cc */ = {isa = PBXFileReference; lastKnownFileType = sourcecode.cpp.cpp; name = receivermod_amb3h3v.cc; path = plugins/src/receivermod_amb3h3v.cc; sourceTree = "<group>"; };
		F6AE244126050C8B00A687AE /* receivermod_cardioid.cc */ = {isa = PBXFileReference; lastKnownFileType = sourcecode.cpp.cpp; name = receivermod_cardioid.cc; path = plugins/src/receivermod_cardioid.cc; sourceTree = "<group>"; };
		F6AE244226050C8C00A687AE /* tascar_ap_pink.cc */ = {isa = PBXFileReference; lastKnownFileType = sourcecode.cpp.cpp; name = tascar_ap_pink.cc; path = plugins/src/tascar_ap_pink.cc; sourceTree = "<group>"; };
		F6AE244326050C8C00A687AE /* tascarmod_circularfence.cc */ = {isa = PBXFileReference; lastKnownFileType = sourcecode.cpp.cpp; name = tascarmod_circularfence.cc; path = plugins/src/tascarmod_circularfence.cc; sourceTree = "<group>"; };
		F6AE244426050C8C00A687AE /* tascarsource_door.cc */ = {isa = PBXFileReference; lastKnownFileType = sourcecode.cpp.cpp; name = tascarsource_door.cc; path = plugins/src/tascarsource_door.cc; sourceTree = "<group>"; };
		F6AE244526050C8C00A687AE /* glabsensor_eog.cc */ = {isa = PBXFileReference; lastKnownFileType = sourcecode.cpp.cpp; name = glabsensor_eog.cc; path = plugins/src/glabsensor_eog.cc; sourceTree = "<group>"; };
		F6AE244626050C8C00A687AE /* glabsensorplugin.h */ = {isa = PBXFileReference; lastKnownFileType = sourcecode.c.h; name = glabsensorplugin.h; path = plugins/src/glabsensorplugin.h; sourceTree = "<group>"; };
		F6AE244726050C8C00A687AE /* tascar_ap_onsetdetector.cc */ = {isa = PBXFileReference; lastKnownFileType = sourcecode.cpp.cpp; name = tascar_ap_onsetdetector.cc; path = plugins/src/tascar_ap_onsetdetector.cc; sourceTree = "<group>"; };
		F6AE244826050C8C00A687AE /* tascar_ap_bandpass.cc */ = {isa = PBXFileReference; lastKnownFileType = sourcecode.cpp.cpp; name = tascar_ap_bandpass.cc; path = plugins/src/tascar_ap_bandpass.cc; sourceTree = "<group>"; };
		F6AE244926050C8C00A687AE /* tascarmod_timedisplay.cc */ = {isa = PBXFileReference; lastKnownFileType = sourcecode.cpp.cpp; name = tascarmod_timedisplay.cc; path = plugins/src/tascarmod_timedisplay.cc; sourceTree = "<group>"; };
		F6AE244A26050C8C00A687AE /* tascarmod_lslactor.cc */ = {isa = PBXFileReference; lastKnownFileType = sourcecode.cpp.cpp; name = tascarmod_lslactor.cc; path = plugins/src/tascarmod_lslactor.cc; sourceTree = "<group>"; };
		F6AE244B26050C8C00A687AE /* tascarsource_omni.cc */ = {isa = PBXFileReference; lastKnownFileType = sourcecode.cpp.cpp; name = tascarsource_omni.cc; path = plugins/src/tascarsource_omni.cc; sourceTree = "<group>"; };
		F6AE244C26050C8C00A687AE /* tascar_ap_delay.cc */ = {isa = PBXFileReference; lastKnownFileType = sourcecode.cpp.cpp; name = tascar_ap_delay.cc; path = plugins/src/tascar_ap_delay.cc; sourceTree = "<group>"; };
		F6AE244D26050C8C00A687AE /* glabsensor_trackir.cc */ = {isa = PBXFileReference; lastKnownFileType = sourcecode.cpp.cpp; name = glabsensor_trackir.cc; path = plugins/src/glabsensor_trackir.cc; sourceTree = "<group>"; };
		F6AE244E26050C8C00A687AE /* tascar_ap_sine.cc */ = {isa = PBXFileReference; lastKnownFileType = sourcecode.cpp.cpp; name = tascar_ap_sine.cc; path = plugins/src/tascar_ap_sine.cc; sourceTree = "<group>"; };
		F6AE244F26050C8C00A687AE /* tascar_ap_const.cc */ = {isa = PBXFileReference; lastKnownFileType = sourcecode.cpp.cpp; name = tascar_ap_const.cc; path = plugins/src/tascar_ap_const.cc; sourceTree = "<group>"; };
		F6AE245026050C8C00A687AE /* tascarmod_midicc2osc.cc */ = {isa = PBXFileReference; lastKnownFileType = sourcecode.cpp.cpp; name = tascarmod_midicc2osc.cc; path = plugins/src/tascarmod_midicc2osc.cc; sourceTree = "<group>"; };
		F6AE245126050C8C00A687AE /* tascar_ap_loopmachine.cc */ = {isa = PBXFileReference; lastKnownFileType = sourcecode.cpp.cpp; name = tascar_ap_loopmachine.cc; path = plugins/src/tascar_ap_loopmachine.cc; sourceTree = "<group>"; };
		F6AE245226050C8C00A687AE /* glabsensor_midicc.cc */ = {isa = PBXFileReference; lastKnownFileType = sourcecode.cpp.cpp; name = glabsensor_midicc.cc; path = plugins/src/glabsensor_midicc.cc; sourceTree = "<group>"; };
		F6AE245326050C8C00A687AE /* tascarmod_orientationmodulator.cc */ = {isa = PBXFileReference; lastKnownFileType = sourcecode.cpp.cpp; name = tascarmod_orientationmodulator.cc; path = plugins/src/tascarmod_orientationmodulator.cc; sourceTree = "<group>"; };
		F6AE245426050C8C00A687AE /* receivermod_wfs.cc */ = {isa = PBXFileReference; lastKnownFileType = sourcecode.cpp.cpp; name = receivermod_wfs.cc; path = plugins/src/receivermod_wfs.cc; sourceTree = "<group>"; };
		F6AE245526050C8C00A687AE /* receivermod_amb1h0v.cc */ = {isa = PBXFileReference; lastKnownFileType = sourcecode.cpp.cpp; name = receivermod_amb1h0v.cc; path = plugins/src/receivermod_amb1h0v.cc; sourceTree = "<group>"; };
		F6AE245626050C8C00A687AE /* tascarmod_lightcolorpicker.cc */ = {isa = PBXFileReference; lastKnownFileType = sourcecode.cpp.cpp; name = tascarmod_lightcolorpicker.cc; path = plugins/src/tascarmod_lightcolorpicker.cc; sourceTree = "<group>"; };
		F6AE245726050C8C00A687AE /* glabsensors.glade */ = {isa = PBXFileReference; lastKnownFileType = text.xml; name = glabsensors.glade; path = plugins/src/glabsensors.glade; sourceTree = "<group>"; };
		F6AE245826050C8C00A687AE /* tascar_ap_sndfileasync.cc */ = {isa = PBXFileReference; lastKnownFileType = sourcecode.cpp.cpp; name = tascar_ap_sndfileasync.cc; path = plugins/src/tascar_ap_sndfileasync.cc; sourceTree = "<group>"; };
		F6AE245926050C8C00A687AE /* tascarmod_datalogging.cc */ = {isa = PBXFileReference; lastKnownFileType = sourcecode.cpp.cpp; name = tascarmod_datalogging.cc; path = plugins/src/tascarmod_datalogging.cc; sourceTree = "<group>"; };
		F6AE245A26050C8C00A687AE /* tascarmod_epicycles.cc */ = {isa = PBXFileReference; lastKnownFileType = sourcecode.cpp.cpp; name = tascarmod_epicycles.cc; path = plugins/src/tascarmod_epicycles.cc; sourceTree = "<group>"; };
		F6AE245B26050C8C00A687AE /* tascar_ap_identity.cc */ = {isa = PBXFileReference; lastKnownFileType = sourcecode.cpp.cpp; name = tascar_ap_identity.cc; path = plugins/src/tascar_ap_identity.cc; sourceTree = "<group>"; };
		F6AE245C26050C8C00A687AE /* tascarmod_jackrec.cc */ = {isa = PBXFileReference; lastKnownFileType = sourcecode.cpp.cpp; name = tascarmod_jackrec.cc; path = plugins/src/tascarmod_jackrec.cc; sourceTree = "<group>"; };
		F6AE245D26050C8C00A687AE /* tascarmod_dirgain.cc */ = {isa = PBXFileReference; lastKnownFileType = sourcecode.cpp.cpp; name = tascarmod_dirgain.cc; path = plugins/src/tascarmod_dirgain.cc; sourceTree = "<group>"; };
		F6AE245E26050C8C00A687AE /* tascarmod_pos2lsl.cc */ = {isa = PBXFileReference; lastKnownFileType = sourcecode.cpp.cpp; name = tascarmod_pos2lsl.cc; path = plugins/src/tascarmod_pos2lsl.cc; sourceTree = "<group>"; };
		F6AE245F26050C8C00A687AE /* tascar_ap_filter.cc */ = {isa = PBXFileReference; lastKnownFileType = sourcecode.cpp.cpp; name = tascar_ap_filter.cc; path = plugins/src/tascar_ap_filter.cc; sourceTree = "<group>"; };
		F6AE246026050C8C00A687AE /* receivermod_chmap.cc */ = {isa = PBXFileReference; lastKnownFileType = sourcecode.cpp.cpp; name = receivermod_chmap.cc; path = plugins/src/receivermod_chmap.cc; sourceTree = "<group>"; };
		F6AE246126050C8C00A687AE /* glabsensor_qualisys.cc */ = {isa = PBXFileReference; lastKnownFileType = sourcecode.cpp.cpp; name = glabsensor_qualisys.cc; path = plugins/src/glabsensor_qualisys.cc; sourceTree = "<group>"; };
		F6AE246226050C8C00A687AE /* tascarmod_transportgui.cc */ = {isa = PBXFileReference; lastKnownFileType = sourcecode.cpp.cpp; name = tascarmod_transportgui.cc; path = plugins/src/tascarmod_transportgui.cc; sourceTree = "<group>"; };
		F6AE246326050C8D00A687AE /* receivermod_hoa2d_fuma_hos.cc */ = {isa = PBXFileReference; lastKnownFileType = sourcecode.cpp.cpp; name = receivermod_hoa2d_fuma_hos.cc; path = plugins/src/receivermod_hoa2d_fuma_hos.cc; sourceTree = "<group>"; };
		F6AE246426050C8D00A687AE /* tascarmod_matrix.cc */ = {isa = PBXFileReference; lastKnownFileType = sourcecode.cpp.cpp; name = tascarmod_matrix.cc; path = plugins/src/tascarmod_matrix.cc; sourceTree = "<group>"; };
		F6AE246526050C8D00A687AE /* tascar_ap_periodogram.cc */ = {isa = PBXFileReference; lastKnownFileType = sourcecode.cpp.cpp; name = tascar_ap_periodogram.cc; path = plugins/src/tascar_ap_periodogram.cc; sourceTree = "<group>"; };
		F6AE246626050C8D00A687AE /* tascarmod_ovheadtracker.cc */ = {isa = PBXFileReference; lastKnownFileType = sourcecode.cpp.cpp; name = tascarmod_ovheadtracker.cc; path = plugins/src/tascarmod_ovheadtracker.cc; sourceTree = "<group>"; };
		F6AE246726050C8D00A687AE /* tascar_ap_lipsync_paper.cc */ = {isa = PBXFileReference; lastKnownFileType = sourcecode.cpp.cpp; name = tascar_ap_lipsync_paper.cc; path = plugins/src/tascar_ap_lipsync_paper.cc; sourceTree = "<group>"; };
		F6AE246826050C8D00A687AE /* receivermod_simplefdn.cc */ = {isa = PBXFileReference; lastKnownFileType = sourcecode.cpp.cpp; name = receivermod_simplefdn.cc; path = plugins/src/receivermod_simplefdn.cc; sourceTree = "<group>"; };
		F6AE246926050C8D00A687AE /* tascarmod_hossustain.cc */ = {isa = PBXFileReference; lastKnownFileType = sourcecode.cpp.cpp; name = tascarmod_hossustain.cc; path = plugins/src/tascarmod_hossustain.cc; sourceTree = "<group>"; };
		F6AE246A26050C8D00A687AE /* tascarsource_cardioidmod.cc */ = {isa = PBXFileReference; lastKnownFileType = sourcecode.cpp.cpp; name = tascarsource_cardioidmod.cc; path = plugins/src/tascarsource_cardioidmod.cc; sourceTree = "<group>"; };
		F6AE246B26050C8D00A687AE /* tascarmod_motionpath.cc */ = {isa = PBXFileReference; lastKnownFileType = sourcecode.cpp.cpp; name = tascarmod_motionpath.cc; path = plugins/src/tascarmod_motionpath.cc; sourceTree = "<group>"; };
		F6AE246C26050C8D00A687AE /* timedisplay.glade */ = {isa = PBXFileReference; lastKnownFileType = text.xml; name = timedisplay.glade; path = plugins/src/timedisplay.glade; sourceTree = "<group>"; };
		F6AE246D26050C8D00A687AE /* tascarmod_midictl.cc */ = {isa = PBXFileReference; lastKnownFileType = sourcecode.cpp.cpp; name = tascarmod_midictl.cc; path = plugins/src/tascarmod_midictl.cc; sourceTree = "<group>"; };
		F6AE246E26050C8D00A687AE /* tascarmod_fail.cc */ = {isa = PBXFileReference; lastKnownFileType = sourcecode.cpp.cpp; name = tascarmod_fail.cc; path = plugins/src/tascarmod_fail.cc; sourceTree = "<group>"; };
		F6AE246F26050C8D00A687AE /* receivermod_hoa3d.cc */ = {isa = PBXFileReference; lastKnownFileType = sourcecode.cpp.cpp; name = receivermod_hoa3d.cc; path = plugins/src/receivermod_hoa3d.cc; sourceTree = "<group>"; };
		F6AE247026050C8D00A687AE /* receivermod_vmic.cc */ = {isa = PBXFileReference; lastKnownFileType = sourcecode.cpp.cpp; name = receivermod_vmic.cc; path = plugins/src/receivermod_vmic.cc; sourceTree = "<group>"; };
		F6AE247126050C8D00A687AE /* tascarmod_lsljacktime.cc */ = {isa = PBXFileReference; lastKnownFileType = sourcecode.cpp.cpp; name = tascarmod_lsljacktime.cc; path = plugins/src/tascarmod_lsljacktime.cc; sourceTree = "<group>"; };
		F6AE247226050C8D00A687AE /* receivermod_amb1h1v.cc */ = {isa = PBXFileReference; lastKnownFileType = sourcecode.cpp.cpp; name = receivermod_amb1h1v.cc; path = plugins/src/receivermod_amb1h1v.cc; sourceTree = "<group>"; };
		F6AE247326050C8D00A687AE /* tascar_ap_hannenv.cc */ = {isa = PBXFileReference; lastKnownFileType = sourcecode.cpp.cpp; name = tascar_ap_hannenv.cc; path = plugins/src/tascar_ap_hannenv.cc; sourceTree = "<group>"; };
		F6AE247426050C8D00A687AE /* receivermod_cardioidmod.cc */ = {isa = PBXFileReference; lastKnownFileType = sourcecode.cpp.cpp; name = receivermod_cardioidmod.cc; path = plugins/src/receivermod_cardioidmod.cc; sourceTree = "<group>"; };
		F6AE247526050C8D00A687AE /* tascarmod_foa2hoadiff.cc */ = {isa = PBXFileReference; lastKnownFileType = sourcecode.cpp.cpp; name = tascarmod_foa2hoadiff.cc; path = plugins/src/tascarmod_foa2hoadiff.cc; sourceTree = "<group>"; };
		F6AE247626050C8D00A687AE /* receivermod_hrtf.cc */ = {isa = PBXFileReference; lastKnownFileType = sourcecode.cpp.cpp; name = receivermod_hrtf.cc; path = plugins/src/receivermod_hrtf.cc; sourceTree = "<group>"; };
		F6AE247726050C8D00A687AE /* tascar_ap_feedbackdelay.cc */ = {isa = PBXFileReference; lastKnownFileType = sourcecode.cpp.cpp; name = tascar_ap_feedbackdelay.cc; path = plugins/src/tascar_ap_feedbackdelay.cc; sourceTree = "<group>"; };
		F6AE247826050C8D00A687AE /* tascar_ap_metronome.cc */ = {isa = PBXFileReference; lastKnownFileType = sourcecode.cpp.cpp; name = tascar_ap_metronome.cc; path = plugins/src/tascar_ap_metronome.cc; sourceTree = "<group>"; };
		F6AE247926050C8D00A687AE /* tascarmod_route.cc */ = {isa = PBXFileReference; lastKnownFileType = sourcecode.cpp.cpp; name = tascarmod_route.cc; path = plugins/src/tascarmod_route.cc; sourceTree = "<group>"; };
		F6AE247A26050C8E00A687AE /* tascar_ap_addchannel.cc */ = {isa = PBXFileReference; lastKnownFileType = sourcecode.cpp.cpp; name = tascar_ap_addchannel.cc; path = plugins/src/tascar_ap_addchannel.cc; sourceTree = "<group>"; };
		F6AE247B26050C8E00A687AE /* tascarmod_sampler.cc */ = {isa = PBXFileReference; lastKnownFileType = sourcecode.cpp.cpp; name = tascarmod_sampler.cc; path = plugins/src/tascarmod_sampler.cc; sourceTree = "<group>"; };
		F6AE247C26050C8E00A687AE /* tascarmod_system.cc */ = {isa = PBXFileReference; lastKnownFileType = sourcecode.cpp.cpp; name = tascarmod_system.cc; path = plugins/src/tascarmod_system.cc; sourceTree = "<group>"; };
		F6AE247D26050C8E00A687AE /* tascar_ap_gain.cc */ = {isa = PBXFileReference; lastKnownFileType = sourcecode.cpp.cpp; name = tascar_ap_gain.cc; path = plugins/src/tascar_ap_gain.cc; sourceTree = "<group>"; };
		F6AE247E26050C8E00A687AE /* datalogging.glade */ = {isa = PBXFileReference; lastKnownFileType = text.xml; name = datalogging.glade; path = plugins/src/datalogging.glade; sourceTree = "<group>"; };
/* End PBXFileReference section */

/* Begin PBXFrameworksBuildPhase section */
		F6AC32B32604AE9F00C56849 /* Frameworks */ = {
			isa = PBXFrameworksBuildPhase;
			buildActionMask = 2147483647;
			files = (
				F6AE23E526050C2E00A687AE /* libsndfile.a in Frameworks */,
				F6AE21032604F16E00A687AE /* liblo.7.dylib in Frameworks */,
				F6AE21012604F14C00A687AE /* libgsl.a in Frameworks */,
				F6AE20FD2604F0E500A687AE /* libxerces-c.a in Frameworks */,
				F6AE21062604F1A600A687AE /* libfftw3f.a in Frameworks */,
				F6AE20FB2604F0A600A687AE /* libsamplerate.a in Frameworks */,
				F6AE20F72604F07300A687AE /* libjack.0.dylib in Frameworks */,
			);
			runOnlyForDeploymentPostprocessing = 0;
		};
		F6AE23E826050C6200A687AE /* Frameworks */ = {
			isa = PBXFrameworksBuildPhase;
			buildActionMask = 2147483647;
			files = (
				F6AE249526050E2400A687AE /* libtascar.dylib in Frameworks */,
			);
			runOnlyForDeploymentPostprocessing = 0;
		};
/* End PBXFrameworksBuildPhase section */

/* Begin PBXGroup section */
		F6AC32AC2604AE9F00C56849 = {
			isa = PBXGroup;
			children = (
				F6AE23F726050C7200A687AE /* plugins */,
				F6AE22EA2605061300A687AE /* libtascar */,
				F6AC32B62604AE9F00C56849 /* Products */,
				F6AE209B2604B40200A687AE /* Frameworks */,
			);
			sourceTree = "<group>";
		};
		F6AC32B62604AE9F00C56849 /* Products */ = {
			isa = PBXGroup;
			children = (
				F6AC32B52604AE9F00C56849 /* libtascar.dylib */,
				F6AE23EA26050C6200A687AE /* libreceivermod_ortf.dylib */,
			);
			name = Products;
			sourceTree = "<group>";
		};
		F6AE209B2604B40200A687AE /* Frameworks */ = {
			isa = PBXGroup;
			children = (
				F6AE21E42605020800A687AE /* libsndfile.1.dylib */,
				F6AE21052604F18F00A687AE /* libfftw3f.a */,
				F6AE21022604F16E00A687AE /* liblo.7.dylib */,
				F6AE21002604F13700A687AE /* libgsl.a */,
				F6AE20FE2604F10E00A687AE /* libfftw3.a */,
				F6AE20FC2604F0D600A687AE /* libxerces-c.a */,
				F6AE20FA2604F08D00A687AE /* libsamplerate.a */,
				F6AE20F62604F07300A687AE /* libjack.0.dylib */,
				F6AE20D32604D32500A687AE /* libsystem_asl.tbd */,
				F6AE20A02604B4BB00A687AE /* include */,
				F6AE209C2604B40200A687AE /* libsndfile.a */,
			);
			name = Frameworks;
			sourceTree = "<group>";
		};
		F6AE20A02604B4BB00A687AE /* include */ = {
			isa = PBXGroup;
			children = (
				F6AE20A12604B4BB00A687AE /* sndfile.hh */,
				F6AE20A22604B4BB00A687AE /* sndfile.h */,
			);
			name = include;
			path = ../../../../../../usr/local/Cellar/libsndfile/1.0.31/include;
			sourceTree = "<group>";
		};
		F6AE22EA2605061300A687AE /* libtascar */ = {
			isa = PBXGroup;
			children = (
				F6AE23822605062300A687AE /* include */,
				F6AE22EB2605061D00A687AE /* src */,
			);
			name = libtascar;
			sourceTree = "<group>";
		};
		F6AE22EB2605061D00A687AE /* src */ = {
			isa = PBXGroup;
			children = (
				F6AE232F2605061D00A687AE /* acousticmodel.cc */,
				F6AE22F22605061D00A687AE /* async_file.cc */,
				F6AE23072605061D00A687AE /* audiochunks.cc */,
				F6AE22F02605061D00A687AE /* audioplugin.cc */,
				F6AE230D2605061D00A687AE /* audiostates.cc */,
				F6AE23312605061D00A687AE /* convhull_3d */,
				F6AE22F62605061D00A687AE /* coordinates.cc */,
				F6AE23032605061D00A687AE /* delayline.cc */,
				F6AE23092605061D00A687AE /* dynamicobjects.cc */,
				F6AE22EE2605061D00A687AE /* errorhandling.cc */,
				F6AE22EF2605061D00A687AE /* fft.cc */,
				F6AE23392605061D00A687AE /* filterclass.cc */,
				F6AE232A2605061D00A687AE /* hoa.cc */,
				F6AE22F42605061D00A687AE /* irrender.cc */,
				F6AE23102605061D00A687AE /* jackclient.cc */,
				F6AE22FE2605061D00A687AE /* jackiowav.cc */,
				F6AE233B2605061D00A687AE /* jackrender.cc */,
				F6AE23302605061D00A687AE /* levelmeter.cc */,
				F6AE23042605061D00A687AE /* licensehandler.cc */,
				F6AE232D2605061D00A687AE /* ola.cc */,
				F6AE230F2605061D00A687AE /* osc_helper.cc */,
				F6AE23352605061D00A687AE /* osc_scene.cc */,
				F6AE23362605061D00A687AE /* pluginprocessor.cc */,
				F6AE23002605061D00A687AE /* receivermod.cc */,
				F6AE23372605061D00A687AE /* render.cc */,
				F6AE232E2605061D00A687AE /* ringbuffer.cc */,
				F6AE22ED2605061D00A687AE /* sampler.cc */,
				F6AE232B2605061D00A687AE /* scene.cc */,
				F6AE23272605061D00A687AE /* serviceclass.cc */,
				F6AE23082605061D00A687AE /* session_reader.cc */,
				F6AE23292605061D00A687AE /* session.cc */,
				F6AE23022605061D00A687AE /* sourcemod.cc */,
				F6AE22F52605061D00A687AE /* speakerarray.cc */,
				F6AE22FD2605061D00A687AE /* spectrum.cc */,
				F6AE23062605061D00A687AE /* stft.cc */,
				F6AE23382605061D00A687AE /* tscconfig.cc */,
				F6AE22FB2605061D00A687AE /* vbap3d.cc */,
				F6AE23052605061D00A687AE /* viewport.cc */,
			);
			name = src;
			path = libtascar/src;
			sourceTree = "<group>";
		};
		F6AE23312605061D00A687AE /* convhull_3d */ = {
			isa = PBXGroup;
			children = (
				F6AE23322605061D00A687AE /* LICENSE */,
				F6AE23332605061D00A687AE /* convhull_3d.h */,
				F6AE23342605061D00A687AE /* README.md */,
			);
			path = convhull_3d;
			sourceTree = "<group>";
		};
		F6AE23822605062300A687AE /* include */ = {
			isa = PBXGroup;
			children = (
				F6AE23992605062300A687AE /* acousticmodel.h */,
				F6AE239A2605062300A687AE /* amb33defs.h */,
				F6AE23852605062300A687AE /* async_file.h */,
				F6AE238B2605062300A687AE /* audiochunks.h */,
				F6AE23902605062300A687AE /* audioplugin.h */,
				F6AE23A82605062300A687AE /* audiostates.h */,
				F6AE23932605062300A687AE /* coordinates.h */,
				F6AE23862605062300A687AE /* defs.h */,
				F6AE23A12605062300A687AE /* delayline.h */,
				F6AE23A32605062300A687AE /* dmxdriver.h */,
				F6AE23A22605062300A687AE /* dynamicobjects.h */,
				F6AE23AB2605062300A687AE /* errorhandling.h */,
				F6AE23832605062300A687AE /* fft.h */,
				F6AE238E2605062300A687AE /* filterclass.h */,
				F6AE23912605062300A687AE /* hoa.h */,
				F6AE23A62605062300A687AE /* irrender.h */,
				F6AE23AD2605062300A687AE /* jackclient.h */,
				F6AE23982605062300A687AE /* jackiowav.h */,
				F6AE238F2605062300A687AE /* jackrender.h */,
				F6AE238D2605062300A687AE /* levelmeter.h */,
				F6AE238A2605062300A687AE /* licensehandler.h */,
				F6AE23B32605062300A687AE /* ola.h */,
				F6AE23962605062300A687AE /* osc_helper.h */,
				F6AE239C2605062300A687AE /* osc_scene.h */,
				F6AE23942605062300A687AE /* pluginprocessor.h */,
				F6AE23AF2605062300A687AE /* receivermod.h */,
				F6AE23B12605062300A687AE /* render.h */,
				F6AE23B02605062300A687AE /* ringbuffer.h */,
				F6AE23922605062300A687AE /* sampler.h */,
				F6AE23B22605062300A687AE /* scene.h */,
				F6AE239B2605062300A687AE /* serialport.h */,
				F6AE23AE2605062300A687AE /* serviceclass.h */,
				F6AE23AC2605062300A687AE /* session_reader.h */,
				F6AE23A42605062300A687AE /* session.h */,
				F6AE23872605062300A687AE /* sourcemod.h */,
				F6AE23892605062300A687AE /* speakerarray.h */,
				F6AE23A72605062300A687AE /* spectrum.h */,
				F6AE23A92605062300A687AE /* stft.h */,
				F6AE238C2605062300A687AE /* tascar.h */,
				F6AE23A52605062300A687AE /* tascarplugin.h */,
				F6AE23AA2605062300A687AE /* tascarver.h */,
				F6AE239E2605062300A687AE /* tscconfig.h */,
				F6AE23842605062300A687AE /* vbap3d.h */,
				F6AE23952605062300A687AE /* viewport.h */,
			);
			name = include;
			path = libtascar/include;
			sourceTree = "<group>";
		};
		F6AE23F726050C7200A687AE /* plugins */ = {
			isa = PBXGroup;
			children = (
				F6AE247E26050C8E00A687AE /* datalogging.glade */,
				F6AE242626050C8A00A687AE /* glabsensor_emergency.cc */,
				F6AE244526050C8C00A687AE /* glabsensor_eog.cc */,
				F6AE241226050C8900A687AE /* glabsensor_espheadtracker.cc */,
				F6AE241726050C8A00A687AE /* glabsensor_jackstatus.cc */,
				F6AE245226050C8C00A687AE /* glabsensor_midicc.cc */,
				F6AE243D26050C8B00A687AE /* glabsensor_oscthreshold.cc */,
				F6AE246126050C8C00A687AE /* glabsensor_qualisys.cc */,
				F6AE241426050C8A00A687AE /* glabsensor_serial.cc */,
				F6AE243026050C8B00A687AE /* glabsensor_smiley.cc */,
				F6AE244D26050C8C00A687AE /* glabsensor_trackir.cc */,
				F6AE241C26050C8A00A687AE /* glabsensorplugin.cc */,
				F6AE244626050C8C00A687AE /* glabsensorplugin.h */,
				F6AE245726050C8C00A687AE /* glabsensors.glade */,
				F6AE242F26050C8B00A687AE /* linuxtrack.c */,
				F6AE243B26050C8B00A687AE /* linuxtrack.h */,
				F6AE245526050C8C00A687AE /* receivermod_amb1h0v.cc */,
				F6AE247226050C8D00A687AE /* receivermod_amb1h1v.cc */,
				F6AE241126050C8900A687AE /* receivermod_amb3h0v.cc */,
				F6AE244026050C8B00A687AE /* receivermod_amb3h3v.cc */,
				F6AE244126050C8B00A687AE /* receivermod_cardioid.cc */,
				F6AE247426050C8D00A687AE /* receivermod_cardioidmod.cc */,
				F6AE246026050C8C00A687AE /* receivermod_chmap.cc */,
				F6AE243826050C8B00A687AE /* receivermod_debugpos.cc */,
				F6AE240426050C8900A687AE /* receivermod_fakebf.cc */,
				F6AE243226050C8B00A687AE /* receivermod_foaconv.cc */,
				F6AE240626050C8900A687AE /* receivermod_hann.cc */,
				F6AE246326050C8D00A687AE /* receivermod_hoa2d_fuma_hos.cc */,
				F6AE241B26050C8A00A687AE /* receivermod_hoa2d_fuma.cc */,
				F6AE240A26050C8900A687AE /* receivermod_hoa2d.cc */,
				F6AE242426050C8A00A687AE /* receivermod_hoa3d_enc.cc */,
				F6AE246F26050C8D00A687AE /* receivermod_hoa3d.cc */,
				F6AE247626050C8D00A687AE /* receivermod_hrtf.cc */,
				F6AE242A26050C8B00A687AE /* receivermod_intensityvector.cc */,
				F6AE242D26050C8B00A687AE /* receivermod_itu51.cc */,
				F6AE23FA26050C8900A687AE /* receivermod_nsp.cc */,
				F6AE240B26050C8900A687AE /* receivermod_omni.cc */,
				F6AE23FD26050C8900A687AE /* receivermod_ortf.cc */,
				F6AE246826050C8D00A687AE /* receivermod_simplefdn.cc */,
				F6AE241526050C8A00A687AE /* receivermod_vbap.cc */,
				F6AE241026050C8900A687AE /* receivermod_vbap3d.cc */,
				F6AE247026050C8D00A687AE /* receivermod_vmic.cc */,
				F6AE245426050C8C00A687AE /* receivermod_wfs.cc */,
				F6AE242C26050C8B00A687AE /* simplecontroller.glade */,
				F6AE247A26050C8E00A687AE /* tascar_ap_addchannel.cc */,
				F6AE244826050C8C00A687AE /* tascar_ap_bandpass.cc */,
				F6AE244F26050C8C00A687AE /* tascar_ap_const.cc */,
				F6AE244C26050C8C00A687AE /* tascar_ap_delay.cc */,
				F6AE240726050C8900A687AE /* tascar_ap_dummy.cc */,
				F6AE240E26050C8900A687AE /* tascar_ap_dumplevels.cc */,
				F6AE247726050C8D00A687AE /* tascar_ap_feedbackdelay.cc */,
				F6AE245F26050C8C00A687AE /* tascar_ap_filter.cc */,
				F6AE247D26050C8E00A687AE /* tascar_ap_gain.cc */,
				F6AE243E26050C8B00A687AE /* tascar_ap_gainramp.cc */,
				F6AE23FC26050C8900A687AE /* tascar_ap_gate.cc */,
				F6AE247326050C8D00A687AE /* tascar_ap_hannenv.cc */,
				F6AE245B26050C8C00A687AE /* tascar_ap_identity.cc */,
				F6AE241D26050C8A00A687AE /* tascar_ap_level2osc.cc */,
				F6AE246726050C8D00A687AE /* tascar_ap_lipsync_paper.cc */,
				F6AE243526050C8B00A687AE /* tascar_ap_lipsync.cc */,
				F6AE241826050C8A00A687AE /* tascar_ap_lookatme.cc */,
				F6AE245126050C8C00A687AE /* tascar_ap_loopmachine.cc */,
				F6AE247826050C8D00A687AE /* tascar_ap_metronome.cc */,
				F6AE243326050C8B00A687AE /* tascar_ap_noise.cc */,
				F6AE244726050C8C00A687AE /* tascar_ap_onsetdetector.cc */,
				F6AE242926050C8B00A687AE /* tascar_ap_openmha.cc */,
				F6AE246526050C8D00A687AE /* tascar_ap_periodogram.cc */,
				F6AE244226050C8C00A687AE /* tascar_ap_pink.cc */,
				F6AE240126050C8900A687AE /* tascar_ap_pos2osc.cc */,
				F6AE23FE26050C8900A687AE /* tascar_ap_pulse.cc */,
				F6AE244E26050C8C00A687AE /* tascar_ap_sine.cc */,
				F6AE242526050C8A00A687AE /* tascar_ap_sndfile.cc */,
				F6AE245826050C8C00A687AE /* tascar_ap_sndfileasync.cc */,
				F6AE240F26050C8900A687AE /* tascar_ap_speechactivity.cc */,
				F6AE243F26050C8B00A687AE /* tascar_ap_spksim.cc */,
				F6AE242826050C8A00A687AE /* tascarmod_artnetdmx.cc */,
				F6AE244326050C8C00A687AE /* tascarmod_circularfence.cc */,
				F6AE245926050C8C00A687AE /* tascarmod_datalogging.cc */,
				F6AE245D26050C8C00A687AE /* tascarmod_dirgain.cc */,
				F6AE23FB26050C8900A687AE /* tascarmod_dummy.cc */,
				F6AE245A26050C8C00A687AE /* tascarmod_epicycles.cc */,
				F6AE246E26050C8D00A687AE /* tascarmod_fail.cc */,
				F6AE241326050C8A00A687AE /* tascarmod_fence.cc */,
				F6AE247526050C8D00A687AE /* tascarmod_foa2hoadiff.cc */,
				F6AE23F926050C8900A687AE /* tascarmod_geopresets.cc */,
				F6AE241926050C8A00A687AE /* tascarmod_glabsensors.cc */,
				F6AE23FF26050C8900A687AE /* tascarmod_granularsynth.cc */,
				F6AE240326050C8900A687AE /* tascarmod_hoafdnrot.cc */,
				F6AE246926050C8D00A687AE /* tascarmod_hossustain.cc */,
				F6AE243426050C8B00A687AE /* tascarmod_hrirconv.cc */,
				F6AE245C26050C8C00A687AE /* tascarmod_jackrec.cc */,
				F6AE240826050C8900A687AE /* tascarmod_joystick.cc */,
				F6AE240926050C8900A687AE /* tascarmod_levels2osc.cc */,
				F6AE245626050C8C00A687AE /* tascarmod_lightcolorpicker.cc */,
				F6AE23F826050C8900A687AE /* tascarmod_lightctl.cc */,
				F6AE242226050C8A00A687AE /* tascarmod_locationmodulator.cc */,
				F6AE243926050C8B00A687AE /* tascarmod_locationvelocity.cc */,
				F6AE244A26050C8C00A687AE /* tascarmod_lslactor.cc */,
				F6AE247126050C8D00A687AE /* tascarmod_lsljacktime.cc */,
				F6AE243126050C8B00A687AE /* tascarmod_ltcgen.cc */,
				F6AE246426050C8D00A687AE /* tascarmod_matrix.cc */,
				F6AE245026050C8C00A687AE /* tascarmod_midicc2osc.cc */,
				F6AE246D26050C8D00A687AE /* tascarmod_midictl.cc */,
				F6AE246B26050C8D00A687AE /* tascarmod_motionpath.cc */,
				F6AE243A26050C8B00A687AE /* tascarmod_mpu6050track.cc */,
				F6AE241A26050C8A00A687AE /* tascarmod_nearsensor.cc */,
				F6AE240526050C8900A687AE /* tascarmod_opendmxusb.cc */,
				F6AE245326050C8C00A687AE /* tascarmod_orientationmodulator.cc */,
				F6AE243C26050C8B00A687AE /* tascarmod_oscevents.cc */,
				F6AE242E26050C8B00A687AE /* tascarmod_oscjacktime.cc */,
				F6AE242726050C8A00A687AE /* tascarmod_oscrelay.cc */,
				F6AE241626050C8A00A687AE /* tascarmod_oscserver.cc */,
				F6AE246626050C8D00A687AE /* tascarmod_ovheadtracker.cc */,
				F6AE241E26050C8A00A687AE /* tascarmod_pendulum.cc */,
				F6AE245E26050C8C00A687AE /* tascarmod_pos2lsl.cc */,
				F6AE240226050C8900A687AE /* tascarmod_pos2osc.cc */,
				F6AE240026050C8900A687AE /* tascarmod_qualisystracker.cc */,
				F6AE242126050C8A00A687AE /* tascarmod_rotator.cc */,
				F6AE247926050C8D00A687AE /* tascarmod_route.cc */,
				F6AE247B26050C8E00A687AE /* tascarmod_sampler.cc */,
				F6AE243726050C8B00A687AE /* tascarmod_savegains.cc */,
				F6AE240D26050C8900A687AE /* tascarmod_simplecontroller.cc */,
				F6AE242326050C8A00A687AE /* tascarmod_sleep.cc */,
				F6AE247C26050C8E00A687AE /* tascarmod_system.cc */,
				F6AE244926050C8C00A687AE /* tascarmod_timedisplay.cc */,
				F6AE242B26050C8B00A687AE /* tascarmod_touchosc.cc */,
				F6AE241F26050C8A00A687AE /* tascarmod_tracegui.cc */,
				F6AE246226050C8C00A687AE /* tascarmod_transportgui.cc */,
				F6AE242026050C8A00A687AE /* tascarmod_waitforjackport.cc */,
				F6AE246A26050C8D00A687AE /* tascarsource_cardioidmod.cc */,
				F6AE244426050C8C00A687AE /* tascarsource_door.cc */,
				F6AE243626050C8B00A687AE /* tascarsource_generic1storder.cc */,
				F6AE244B26050C8C00A687AE /* tascarsource_omni.cc */,
				F6AE246C26050C8D00A687AE /* timedisplay.glade */,
				F6AE240C26050C8900A687AE /* transportgui.glade */,
			);
			name = plugins;
			sourceTree = "<group>";
		};
/* End PBXGroup section */

/* Begin PBXHeadersBuildPhase section */
		F6AC32B12604AE9F00C56849 /* Headers */ = {
			isa = PBXHeadersBuildPhase;
			buildActionMask = 2147483647;
			files = (
				F6AE23D42605062300A687AE /* dmxdriver.h in Headers */,
				F6AE23C62605062300A687AE /* viewport.h in Headers */,
				F6AE23B42605062300A687AE /* fft.h in Headers */,
				F6AE23DF2605062300A687AE /* serviceclass.h in Headers */,
				F6AE23CA2605062300A687AE /* acousticmodel.h in Headers */,
				F6AE23C92605062300A687AE /* jackiowav.h in Headers */,
				F6AE23D82605062300A687AE /* spectrum.h in Headers */,
				F6AE23DA2605062300A687AE /* stft.h in Headers */,
				F6AE23E42605062300A687AE /* ola.h in Headers */,
				F6AE23DD2605062300A687AE /* session_reader.h in Headers */,
				F6AE237A2605061D00A687AE /* convhull_3d.h in Headers */,
				F6AE23BB2605062300A687AE /* licensehandler.h in Headers */,
				F6AE23DB2605062300A687AE /* tascarver.h in Headers */,
				F6AE23D92605062300A687AE /* audiostates.h in Headers */,
				F6AE23D62605062300A687AE /* tascarplugin.h in Headers */,
				F6AE23E32605062300A687AE /* scene.h in Headers */,
				F6AE23D32605062300A687AE /* dynamicobjects.h in Headers */,
				F6AE23E12605062300A687AE /* ringbuffer.h in Headers */,
				F6AE23CD2605062300A687AE /* osc_scene.h in Headers */,
				F6AE23DE2605062300A687AE /* jackclient.h in Headers */,
				F6AE23E02605062300A687AE /* receivermod.h in Headers */,
				F6AE23B52605062300A687AE /* vbap3d.h in Headers */,
				F6AE23D22605062300A687AE /* delayline.h in Headers */,
				F6AE23C72605062300A687AE /* osc_helper.h in Headers */,
				F6AE23CF2605062300A687AE /* tscconfig.h in Headers */,
				F6AE23BA2605062300A687AE /* speakerarray.h in Headers */,
				F6AE23E22605062300A687AE /* render.h in Headers */,
				F6AE23C42605062300A687AE /* coordinates.h in Headers */,
				F6AE23C12605062300A687AE /* audioplugin.h in Headers */,
				F6AE23C52605062300A687AE /* pluginprocessor.h in Headers */,
				F6AE23D72605062300A687AE /* irrender.h in Headers */,
				F6AE23B72605062300A687AE /* defs.h in Headers */,
				F6AE23C32605062300A687AE /* sampler.h in Headers */,
				F6AE23DC2605062300A687AE /* errorhandling.h in Headers */,
				F6AE23BD2605062300A687AE /* tascar.h in Headers */,
				F6AE23B82605062300A687AE /* sourcemod.h in Headers */,
				F6AE23CB2605062300A687AE /* amb33defs.h in Headers */,
				F6AE23BF2605062300A687AE /* filterclass.h in Headers */,
				F6AE23CC2605062300A687AE /* serialport.h in Headers */,
				F6AE23D52605062300A687AE /* session.h in Headers */,
				F6AE23C02605062300A687AE /* jackrender.h in Headers */,
				F6AE23C22605062300A687AE /* hoa.h in Headers */,
				F6AE23BC2605062300A687AE /* audiochunks.h in Headers */,
				F6AE23B62605062300A687AE /* async_file.h in Headers */,
				F6AE23BE2605062300A687AE /* levelmeter.h in Headers */,
			);
			runOnlyForDeploymentPostprocessing = 0;
		};
		F6AE23E626050C6200A687AE /* Headers */ = {
			isa = PBXHeadersBuildPhase;
			buildActionMask = 2147483647;
			files = (
			);
			runOnlyForDeploymentPostprocessing = 0;
		};
/* End PBXHeadersBuildPhase section */

/* Begin PBXNativeTarget section */
		F6AC32B42604AE9F00C56849 /* tascar */ = {
			isa = PBXNativeTarget;
			buildConfigurationList = F6AC32C02604AE9F00C56849 /* Build configuration list for PBXNativeTarget "tascar" */;
			buildPhases = (
				F6AC32B12604AE9F00C56849 /* Headers */,
				F6AE20E02604E53200A687AE /* ShellScript */,
				F6AC32B22604AE9F00C56849 /* Sources */,
				F6AC32B32604AE9F00C56849 /* Frameworks */,
				F6AE20F92604F07300A687AE /* Embed Libraries */,
			);
			buildRules = (
			);
			dependencies = (
			);
			name = tascar;
			productName = tascar;
			productReference = F6AC32B52604AE9F00C56849 /* libtascar.dylib */;
			productType = "com.apple.product-type.library.dynamic";
		};
		F6AE23E926050C6200A687AE /* receivermod_ortf */ = {
			isa = PBXNativeTarget;
			buildConfigurationList = F6AE23F226050C6200A687AE /* Build configuration list for PBXNativeTarget "receivermod_ortf" */;
			buildPhases = (
				F6AE23E626050C6200A687AE /* Headers */,
				F6AE23E726050C6200A687AE /* Sources */,
				F6AE23E826050C6200A687AE /* Frameworks */,
			);
			buildRules = (
			);
			dependencies = (
			);
			name = receivermod_ortf;
			productName = receivermod_ortf;
			productReference = F6AE23EA26050C6200A687AE /* libreceivermod_ortf.dylib */;
			productType = "com.apple.product-type.library.dynamic";
		};
/* End PBXNativeTarget section */

/* Begin PBXProject section */
		F6AC32AD2604AE9F00C56849 /* Project object */ = {
			isa = PBXProject;
			attributes = {
				LastUpgradeCheck = 1240;
				TargetAttributes = {
					F6AC32B42604AE9F00C56849 = {
						CreatedOnToolsVersion = 12.4;
					};
					F6AE23E926050C6200A687AE = {
						CreatedOnToolsVersion = 12.4;
					};
				};
			};
			buildConfigurationList = F6AC32B02604AE9F00C56849 /* Build configuration list for PBXProject "tascar" */;
			compatibilityVersion = "Xcode 9.3";
			developmentRegion = en;
			hasScannedForEncodings = 0;
			knownRegions = (
				en,
				Base,
			);
			mainGroup = F6AC32AC2604AE9F00C56849;
			productRefGroup = F6AC32B62604AE9F00C56849 /* Products */;
			projectDirPath = "";
			projectRoot = "";
			targets = (
				F6AC32B42604AE9F00C56849 /* tascar */,
				F6AE23E926050C6200A687AE /* receivermod_ortf */,
			);
		};
/* End PBXProject section */

/* Begin PBXShellScriptBuildPhase section */
		F6AE20E02604E53200A687AE /* ShellScript */ = {
			isa = PBXShellScriptBuildPhase;
			alwaysOutOfDate = 1;
			buildActionMask = 12;
			files = (
			);
			inputFileListPaths = (
			);
			inputPaths = (
				"$(SRCROOT)/get_version.sh",
			);
			outputFileListPaths = (
			);
			outputPaths = (
			);
			runOnlyForDeploymentPostprocessing = 0;
			shellPath = /bin/sh;
			shellScript = "cd ${SRCROOT}\nVERSION=$(cat config.mk | sed -e '2 ! d' -e 's/.*=//1')\nGITMODIFIED=$(test -z \"`git status --porcelain -uno`\" || echo \"-modified\")\nCOMMITHASH=$(git log -1 --abbrev=7 --pretty='format:%h')\nCOMMIT_SINCE_MASTER=$(git log --pretty='format:%h' origin/master.. | wc -w | xargs)\n\nFULLVERSION=${VERSION}.${COMMIT_SINCE_MASTER}-${COMMITHASH}${GITMODIFIED}\nHAS_LSL=$(sh check_for_lsl)\nHAS_OPENMHA=$(sh check_for_openmha)\nHAS_OPENCV2=$(sh check_for_opencv2)\nHAS_OPENCV4=$(sh check_for_opencv4)\n\necho \"Creating tascarver.h with version ${FULLVERSION}\"\nmkdir -p ${SRCROOT}/libtascar/build\necho '#define TASCARVER \"'${FULLVERSION}'\"' > ${SRCROOT}/libtascar/build/tascarver.h\n";
		};
/* End PBXShellScriptBuildPhase section */

/* Begin PBXSourcesBuildPhase section */
		F6AC32B22604AE9F00C56849 /* Sources */ = {
			isa = PBXSourcesBuildPhase;
			buildActionMask = 2147483647;
			files = (
				F6AE23552605061D00A687AE /* stft.cc in Sources */,
				F6AE23782605061D00A687AE /* acousticmodel.cc in Sources */,
				F6AE235C2605061D00A687AE /* audiostates.cc in Sources */,
				F6AE234C2605061D00A687AE /* spectrum.cc in Sources */,
				F6AE233E2605061D00A687AE /* errorhandling.cc in Sources */,
				F6AE233D2605061D00A687AE /* sampler.cc in Sources */,
				F6AE23442605061D00A687AE /* irrender.cc in Sources */,
				F6AE23522605061D00A687AE /* delayline.cc in Sources */,
				F6AE23742605061D00A687AE /* scene.cc in Sources */,
				F6AE234A2605061D00A687AE /* vbap3d.cc in Sources */,
				F6AE237F2605061D00A687AE /* filterclass.cc in Sources */,
				F6AE23562605061D00A687AE /* audiochunks.cc in Sources */,
				F6AE234F2605061D00A687AE /* receivermod.cc in Sources */,
				F6AE237D2605061D00A687AE /* render.cc in Sources */,
				F6AE23402605061D00A687AE /* audioplugin.cc in Sources */,
				F6AE23422605061D00A687AE /* async_file.cc in Sources */,
				F6AE23572605061D00A687AE /* session_reader.cc in Sources */,
				F6AE237C2605061D00A687AE /* pluginprocessor.cc in Sources */,
				F6AE23762605061D00A687AE /* ola.cc in Sources */,
				F6AE23532605061D00A687AE /* licensehandler.cc in Sources */,
				F6AE23812605061D00A687AE /* jackrender.cc in Sources */,
				F6AE23792605061D00A687AE /* levelmeter.cc in Sources */,
				F6AE237E2605061D00A687AE /* tscconfig.cc in Sources */,
				F6AE237B2605061D00A687AE /* osc_scene.cc in Sources */,
				F6AE23702605061D00A687AE /* serviceclass.cc in Sources */,
				F6AE23722605061D00A687AE /* session.cc in Sources */,
				F6AE23732605061D00A687AE /* hoa.cc in Sources */,
				F6AE23582605061D00A687AE /* dynamicobjects.cc in Sources */,
				F6AE23462605061D00A687AE /* coordinates.cc in Sources */,
				F6AE233F2605061D00A687AE /* fft.cc in Sources */,
				F6AE23512605061D00A687AE /* sourcemod.cc in Sources */,
				F6AE235F2605061D00A687AE /* jackclient.cc in Sources */,
				F6AE235E2605061D00A687AE /* osc_helper.cc in Sources */,
				F6AE23452605061D00A687AE /* speakerarray.cc in Sources */,
				F6AE23772605061D00A687AE /* ringbuffer.cc in Sources */,
				F6AE234D2605061D00A687AE /* jackiowav.cc in Sources */,
				F6AE23542605061D00A687AE /* viewport.cc in Sources */,
			);
			runOnlyForDeploymentPostprocessing = 0;
		};
		F6AE23E726050C6200A687AE /* Sources */ = {
			isa = PBXSourcesBuildPhase;
			buildActionMask = 2147483647;
			files = (
				F6AE247F26050CBF00A687AE /* receivermod_ortf.cc in Sources */,
			);
			runOnlyForDeploymentPostprocessing = 0;
		};
/* End PBXSourcesBuildPhase section */

/* Begin XCBuildConfiguration section */
		F6AC32BE2604AE9F00C56849 /* Debug */ = {
			isa = XCBuildConfiguration;
			buildSettings = {
				ALWAYS_SEARCH_USER_PATHS = NO;
				CLANG_ANALYZER_NONNULL = YES;
				CLANG_ANALYZER_NUMBER_OBJECT_CONVERSION = YES_AGGRESSIVE;
				CLANG_CXX_LANGUAGE_STANDARD = "gnu++14";
				CLANG_CXX_LIBRARY = "libc++";
				CLANG_ENABLE_MODULES = YES;
				CLANG_ENABLE_OBJC_ARC = YES;
				CLANG_ENABLE_OBJC_WEAK = YES;
				CLANG_WARN_BLOCK_CAPTURE_AUTORELEASING = YES;
				CLANG_WARN_BOOL_CONVERSION = YES;
				CLANG_WARN_COMMA = YES;
				CLANG_WARN_CONSTANT_CONVERSION = YES;
				CLANG_WARN_DEPRECATED_OBJC_IMPLEMENTATIONS = YES;
				CLANG_WARN_DIRECT_OBJC_ISA_USAGE = YES_ERROR;
				CLANG_WARN_DOCUMENTATION_COMMENTS = YES;
				CLANG_WARN_EMPTY_BODY = YES;
				CLANG_WARN_ENUM_CONVERSION = YES;
				CLANG_WARN_INFINITE_RECURSION = YES;
				CLANG_WARN_INT_CONVERSION = YES;
				CLANG_WARN_NON_LITERAL_NULL_CONVERSION = YES;
				CLANG_WARN_OBJC_IMPLICIT_RETAIN_SELF = YES;
				CLANG_WARN_OBJC_LITERAL_CONVERSION = YES;
				CLANG_WARN_OBJC_ROOT_CLASS = YES_ERROR;
				CLANG_WARN_QUOTED_INCLUDE_IN_FRAMEWORK_HEADER = YES;
				CLANG_WARN_RANGE_LOOP_ANALYSIS = YES;
				CLANG_WARN_STRICT_PROTOTYPES = YES;
				CLANG_WARN_SUSPICIOUS_MOVE = YES;
				CLANG_WARN_UNGUARDED_AVAILABILITY = YES_AGGRESSIVE;
				CLANG_WARN_UNREACHABLE_CODE = YES;
				CLANG_WARN__DUPLICATE_METHOD_MATCH = YES;
				COPY_PHASE_STRIP = NO;
				DEBUG_INFORMATION_FORMAT = dwarf;
				ENABLE_STRICT_OBJC_MSGSEND = YES;
				ENABLE_TESTABILITY = YES;
				GCC_C_LANGUAGE_STANDARD = gnu11;
				GCC_DYNAMIC_NO_PIC = NO;
				GCC_NO_COMMON_BLOCKS = YES;
				GCC_OPTIMIZATION_LEVEL = 0;
				GCC_PREPROCESSOR_DEFINITIONS = (
					"DEBUG=1",
					"$(inherited)",
				);
				GCC_WARN_64_TO_32_BIT_CONVERSION = YES;
				GCC_WARN_ABOUT_RETURN_TYPE = YES_ERROR;
				GCC_WARN_UNDECLARED_SELECTOR = YES;
				GCC_WARN_UNINITIALIZED_AUTOS = YES_AGGRESSIVE;
				GCC_WARN_UNUSED_FUNCTION = YES;
				GCC_WARN_UNUSED_VARIABLE = YES;
				MACOSX_DEPLOYMENT_TARGET = 10.15;
				MTL_ENABLE_DEBUG_INFO = INCLUDE_SOURCE;
				MTL_FAST_MATH = YES;
				ONLY_ACTIVE_ARCH = YES;
				SDKROOT = macosx;
			};
			name = Debug;
		};
		F6AC32BF2604AE9F00C56849 /* Release */ = {
			isa = XCBuildConfiguration;
			buildSettings = {
				ALWAYS_SEARCH_USER_PATHS = NO;
				CLANG_ANALYZER_NONNULL = YES;
				CLANG_ANALYZER_NUMBER_OBJECT_CONVERSION = YES_AGGRESSIVE;
				CLANG_CXX_LANGUAGE_STANDARD = "gnu++14";
				CLANG_CXX_LIBRARY = "libc++";
				CLANG_ENABLE_MODULES = YES;
				CLANG_ENABLE_OBJC_ARC = YES;
				CLANG_ENABLE_OBJC_WEAK = YES;
				CLANG_WARN_BLOCK_CAPTURE_AUTORELEASING = YES;
				CLANG_WARN_BOOL_CONVERSION = YES;
				CLANG_WARN_COMMA = YES;
				CLANG_WARN_CONSTANT_CONVERSION = YES;
				CLANG_WARN_DEPRECATED_OBJC_IMPLEMENTATIONS = YES;
				CLANG_WARN_DIRECT_OBJC_ISA_USAGE = YES_ERROR;
				CLANG_WARN_DOCUMENTATION_COMMENTS = YES;
				CLANG_WARN_EMPTY_BODY = YES;
				CLANG_WARN_ENUM_CONVERSION = YES;
				CLANG_WARN_INFINITE_RECURSION = YES;
				CLANG_WARN_INT_CONVERSION = YES;
				CLANG_WARN_NON_LITERAL_NULL_CONVERSION = YES;
				CLANG_WARN_OBJC_IMPLICIT_RETAIN_SELF = YES;
				CLANG_WARN_OBJC_LITERAL_CONVERSION = YES;
				CLANG_WARN_OBJC_ROOT_CLASS = YES_ERROR;
				CLANG_WARN_QUOTED_INCLUDE_IN_FRAMEWORK_HEADER = YES;
				CLANG_WARN_RANGE_LOOP_ANALYSIS = YES;
				CLANG_WARN_STRICT_PROTOTYPES = YES;
				CLANG_WARN_SUSPICIOUS_MOVE = YES;
				CLANG_WARN_UNGUARDED_AVAILABILITY = YES_AGGRESSIVE;
				CLANG_WARN_UNREACHABLE_CODE = YES;
				CLANG_WARN__DUPLICATE_METHOD_MATCH = YES;
				COPY_PHASE_STRIP = NO;
				DEBUG_INFORMATION_FORMAT = "dwarf-with-dsym";
				ENABLE_NS_ASSERTIONS = NO;
				ENABLE_STRICT_OBJC_MSGSEND = YES;
				GCC_C_LANGUAGE_STANDARD = gnu11;
				GCC_NO_COMMON_BLOCKS = YES;
				GCC_WARN_64_TO_32_BIT_CONVERSION = YES;
				GCC_WARN_ABOUT_RETURN_TYPE = YES_ERROR;
				GCC_WARN_UNDECLARED_SELECTOR = YES;
				GCC_WARN_UNINITIALIZED_AUTOS = YES_AGGRESSIVE;
				GCC_WARN_UNUSED_FUNCTION = YES;
				GCC_WARN_UNUSED_VARIABLE = YES;
				MACOSX_DEPLOYMENT_TARGET = 10.15;
				MTL_ENABLE_DEBUG_INFO = NO;
				MTL_FAST_MATH = YES;
				SDKROOT = macosx;
			};
			name = Release;
		};
		F6AC32C12604AE9F00C56849 /* Debug */ = {
			isa = XCBuildConfiguration;
			buildSettings = {
				APPLY_RULES_IN_COPY_HEADERS = YES;
				CLANG_CXX_LANGUAGE_STANDARD = "gnu++14";
				CLANG_CXX_LIBRARY = "libc++";
				CODE_SIGN_STYLE = Automatic;
				DEVELOPMENT_ASSET_PATHS = "";
				DEVELOPMENT_TEAM = JH3275598G;
				DYLIB_COMPATIBILITY_VERSION = 1;
				DYLIB_CURRENT_VERSION = 1;
				EXECUTABLE_PREFIX = lib;
				GCC_ENABLE_CPP_EXCEPTIONS = YES;
				GCC_ENABLE_CPP_RTTI = YES;
				GCC_PREPROCESSOR_DEFINITIONS = "DEBUGS=1";
				GCC_SYMBOLS_PRIVATE_EXTERN = YES;
				HEADER_SEARCH_PATHS = (
					"/usr/local/opt/xerces-c/include",
					/usr/local/opt/libsndfile/include,
					/usr/local/opt/fftw/include,
					/usr/local/opt/jack/include,
					/usr/local/opt/liblo/include,
					/usr/local/opt/gsl/include,
					/usr/local/opt/eigen/include/eigen3,
					/usr/local/opt/libsamplerate/include,
				);
				LIBRARY_SEARCH_PATHS = (
					"$(inherited)",
					/usr/local/lib,
					/usr/local/Cellar/libsndfile/1.0.31/lib,
				);
				MACOSX_DEPLOYMENT_TARGET = 10.14;
				PRODUCT_NAME = "$(TARGET_NAME)";
				PUBLIC_HEADERS_FOLDER_PATH = libtascar;
				SKIP_INSTALL = YES;
			};
			name = Debug;
		};
		F6AC32C22604AE9F00C56849 /* Release */ = {
			isa = XCBuildConfiguration;
			buildSettings = {
				APPLY_RULES_IN_COPY_HEADERS = YES;
				CLANG_CXX_LANGUAGE_STANDARD = "gnu++14";
				CLANG_CXX_LIBRARY = "libc++";
				CODE_SIGN_STYLE = Automatic;
				DEVELOPMENT_ASSET_PATHS = "";
				DEVELOPMENT_TEAM = JH3275598G;
				DYLIB_COMPATIBILITY_VERSION = 1;
				DYLIB_CURRENT_VERSION = 1;
				EXECUTABLE_PREFIX = lib;
				GCC_ENABLE_CPP_EXCEPTIONS = YES;
				GCC_ENABLE_CPP_RTTI = YES;
				GCC_SYMBOLS_PRIVATE_EXTERN = YES;
				HEADER_SEARCH_PATHS = (
					"/usr/local/opt/xerces-c/include",
					/usr/local/opt/libsndfile/include,
					/usr/local/opt/fftw/include,
					/usr/local/opt/jack/include,
					/usr/local/opt/liblo/include,
					/usr/local/opt/gsl/include,
					/usr/local/opt/eigen/include/eigen3,
					/usr/local/opt/libsamplerate/include,
				);
				LIBRARY_SEARCH_PATHS = (
					"$(inherited)",
					/usr/local/lib,
					/usr/local/Cellar/libsndfile/1.0.31/lib,
				);
				MACOSX_DEPLOYMENT_TARGET = 10.14;
				PRODUCT_NAME = "$(TARGET_NAME)";
				PUBLIC_HEADERS_FOLDER_PATH = libtascar;
				SKIP_INSTALL = YES;
			};
			name = Release;
		};
		F6AE23F326050C6200A687AE /* Debug */ = {
			isa = XCBuildConfiguration;
			buildSettings = {
				CODE_SIGN_STYLE = Automatic;
				DEVELOPMENT_TEAM = JH3275598G;
				DYLIB_COMPATIBILITY_VERSION = 1;
				DYLIB_CURRENT_VERSION = 1;
				EXECUTABLE_PREFIX = lib;
				GCC_ENABLE_CPP_EXCEPTIONS = YES;
				GCC_ENABLE_CPP_RTTI = YES;
				GCC_SYMBOLS_PRIVATE_EXTERN = YES;
				MACOSX_DEPLOYMENT_TARGET = 10.15;
				PRODUCT_NAME = "$(TARGET_NAME)";
				SKIP_INSTALL = YES;
			};
			name = Debug;
		};
		F6AE23F426050C6200A687AE /* Release */ = {
			isa = XCBuildConfiguration;
			buildSettings = {
				CODE_SIGN_STYLE = Automatic;
				DEVELOPMENT_TEAM = JH3275598G;
				DYLIB_COMPATIBILITY_VERSION = 1;
				DYLIB_CURRENT_VERSION = 1;
				EXECUTABLE_PREFIX = lib;
				GCC_ENABLE_CPP_EXCEPTIONS = YES;
				GCC_ENABLE_CPP_RTTI = YES;
				GCC_SYMBOLS_PRIVATE_EXTERN = YES;
				MACOSX_DEPLOYMENT_TARGET = 10.15;
				PRODUCT_NAME = "$(TARGET_NAME)";
				SKIP_INSTALL = YES;
			};
			name = Release;
		};
/* End XCBuildConfiguration section */

/* Begin XCConfigurationList section */
		F6AC32B02604AE9F00C56849 /* Build configuration list for PBXProject "tascar" */ = {
			isa = XCConfigurationList;
			buildConfigurations = (
				F6AC32BE2604AE9F00C56849 /* Debug */,
				F6AC32BF2604AE9F00C56849 /* Release */,
			);
			defaultConfigurationIsVisible = 0;
			defaultConfigurationName = Release;
		};
		F6AC32C02604AE9F00C56849 /* Build configuration list for PBXNativeTarget "tascar" */ = {
			isa = XCConfigurationList;
			buildConfigurations = (
				F6AC32C12604AE9F00C56849 /* Debug */,
				F6AC32C22604AE9F00C56849 /* Release */,
			);
			defaultConfigurationIsVisible = 0;
			defaultConfigurationName = Release;
		};
		F6AE23F226050C6200A687AE /* Build configuration list for PBXNativeTarget "receivermod_ortf" */ = {
			isa = XCConfigurationList;
			buildConfigurations = (
				F6AE23F326050C6200A687AE /* Debug */,
				F6AE23F426050C6200A687AE /* Release */,
			);
			defaultConfigurationIsVisible = 0;
			defaultConfigurationName = Release;
		};
/* End XCConfigurationList section */
	};
	rootObject = F6AC32AD2604AE9F00C56849 /* Project object */;
}
